// !$*UTF8*$!
{
	archiveVersion = 1;
	classes = {
	};
	objectVersion = 46;
	objects = {

/* Begin PBXBuildFile section */
		56348CEC1AA453F000D30E0D /* Foundation.framework in Frameworks */ = {isa = PBXBuildFile; fileRef = 56348CEB1AA453F000D30E0D /* Foundation.framework */; };
		56348CEE1AA453F000D30E0D /* CoreGraphics.framework in Frameworks */ = {isa = PBXBuildFile; fileRef = 56348CED1AA453F000D30E0D /* CoreGraphics.framework */; };
		56348CF01AA453F000D30E0D /* UIKit.framework in Frameworks */ = {isa = PBXBuildFile; fileRef = 56348CEF1AA453F000D30E0D /* UIKit.framework */; };
		56348CF61AA453F000D30E0D /* InfoPlist.strings in Resources */ = {isa = PBXBuildFile; fileRef = 56348CF41AA453F000D30E0D /* InfoPlist.strings */; };
		56348CF81AA453F000D30E0D /* main.m in Sources */ = {isa = PBXBuildFile; fileRef = 56348CF71AA453F000D30E0D /* main.m */; };
		56348CFC1AA453F000D30E0D /* AppDelegate.m in Sources */ = {isa = PBXBuildFile; fileRef = 56348CFB1AA453F000D30E0D /* AppDelegate.m */; };
		56348CFE1AA453F000D30E0D /* Images.xcassets in Resources */ = {isa = PBXBuildFile; fileRef = 56348CFD1AA453F000D30E0D /* Images.xcassets */; };
		56348D051AA453F000D30E0D /* XCTest.framework in Frameworks */ = {isa = PBXBuildFile; fileRef = 56348D041AA453F000D30E0D /* XCTest.framework */; };
		56348D061AA453F000D30E0D /* Foundation.framework in Frameworks */ = {isa = PBXBuildFile; fileRef = 56348CEB1AA453F000D30E0D /* Foundation.framework */; };
		56348D071AA453F000D30E0D /* UIKit.framework in Frameworks */ = {isa = PBXBuildFile; fileRef = 56348CEF1AA453F000D30E0D /* UIKit.framework */; };
		56348D0F1AA453F000D30E0D /* InfoPlist.strings in Resources */ = {isa = PBXBuildFile; fileRef = 56348D0D1AA453F000D30E0D /* InfoPlist.strings */; };
		56348D111AA453F000D30E0D /* MyWeiboTests.m in Sources */ = {isa = PBXBuildFile; fileRef = 56348D101AA453F000D30E0D /* MyWeiboTests.m */; };
		566331C61AA5EA9800D43BF9 /* BadgeButton.m in Sources */ = {isa = PBXBuildFile; fileRef = 566331C51AA5EA9800D43BF9 /* BadgeButton.m */; };
		56A758FE1AA5607500EB96AD /* DiscoverController.m in Sources */ = {isa = PBXBuildFile; fileRef = 56A758DE1AA5607500EB96AD /* DiscoverController.m */; };
		56A758FF1AA5607500EB96AD /* HomeController.m in Sources */ = {isa = PBXBuildFile; fileRef = 56A758E41AA5607500EB96AD /* HomeController.m */; };
		56A759001AA5607500EB96AD /* CustomTabBarController.m in Sources */ = {isa = PBXBuildFile; fileRef = 56A758EA1AA5607500EB96AD /* CustomTabBarController.m */; };
		56A759011AA5607500EB96AD /* MeController.m in Sources */ = {isa = PBXBuildFile; fileRef = 56A758F01AA5607500EB96AD /* MeController.m */; };
		56A759021AA5607500EB96AD /* MessageController.m in Sources */ = {isa = PBXBuildFile; fileRef = 56A758F61AA5607500EB96AD /* MessageController.m */; };
		56A759051AA571FF00EB96AD /* UIImage+Custom.m in Sources */ = {isa = PBXBuildFile; fileRef = 56A759041AA571FF00EB96AD /* UIImage+Custom.m */; };
		56A7590D1AA5829300EB96AD /* CustomTabBar.m in Sources */ = {isa = PBXBuildFile; fileRef = 56A7590C1AA5829300EB96AD /* CustomTabBar.m */; };
		56A759101AA5955A00EB96AD /* TabBarButton.m in Sources */ = {isa = PBXBuildFile; fileRef = 56A7590F1AA5955A00EB96AD /* TabBarButton.m */; };
		56A759131AA6D22F00EB96AD /* CustomNavigationController.m in Sources */ = {isa = PBXBuildFile; fileRef = 56A759121AA6D22F00EB96AD /* CustomNavigationController.m */; };
		56A759191AA7038100EB96AD /* UIBarButtonItem+Custom.m in Sources */ = {isa = PBXBuildFile; fileRef = 56A759181AA7038100EB96AD /* UIBarButtonItem+Custom.m */; };
		56A7591C1AA709E500EB96AD /* SearhField.m in Sources */ = {isa = PBXBuildFile; fileRef = 56A7591B1AA709E500EB96AD /* SearhField.m */; };
/* End PBXBuildFile section */

/* Begin PBXContainerItemProxy section */
		56348D081AA453F000D30E0D /* PBXContainerItemProxy */ = {
			isa = PBXContainerItemProxy;
			containerPortal = 56348CE01AA453F000D30E0D /* Project object */;
			proxyType = 1;
			remoteGlobalIDString = 56348CE71AA453F000D30E0D;
			remoteInfo = MyWeibo;
		};
/* End PBXContainerItemProxy section */

/* Begin PBXFileReference section */
		56348CE81AA453F000D30E0D /* MyWeibo.app */ = {isa = PBXFileReference; explicitFileType = wrapper.application; includeInIndex = 0; path = MyWeibo.app; sourceTree = BUILT_PRODUCTS_DIR; };
		56348CEB1AA453F000D30E0D /* Foundation.framework */ = {isa = PBXFileReference; lastKnownFileType = wrapper.framework; name = Foundation.framework; path = System/Library/Frameworks/Foundation.framework; sourceTree = SDKROOT; };
		56348CED1AA453F000D30E0D /* CoreGraphics.framework */ = {isa = PBXFileReference; lastKnownFileType = wrapper.framework; name = CoreGraphics.framework; path = System/Library/Frameworks/CoreGraphics.framework; sourceTree = SDKROOT; };
		56348CEF1AA453F000D30E0D /* UIKit.framework */ = {isa = PBXFileReference; lastKnownFileType = wrapper.framework; name = UIKit.framework; path = System/Library/Frameworks/UIKit.framework; sourceTree = SDKROOT; };
		56348CF31AA453F000D30E0D /* MyWeibo-Info.plist */ = {isa = PBXFileReference; lastKnownFileType = text.plist.xml; path = "MyWeibo-Info.plist"; sourceTree = "<group>"; };
		56348CF51AA453F000D30E0D /* en */ = {isa = PBXFileReference; lastKnownFileType = text.plist.strings; name = en; path = en.lproj/InfoPlist.strings; sourceTree = "<group>"; };
		56348CF71AA453F000D30E0D /* main.m */ = {isa = PBXFileReference; lastKnownFileType = sourcecode.c.objc; path = main.m; sourceTree = "<group>"; };
		56348CF91AA453F000D30E0D /* MyWeibo-Prefix.pch */ = {isa = PBXFileReference; lastKnownFileType = sourcecode.c.h; path = "MyWeibo-Prefix.pch"; sourceTree = "<group>"; };
		56348CFA1AA453F000D30E0D /* AppDelegate.h */ = {isa = PBXFileReference; lastKnownFileType = sourcecode.c.h; path = AppDelegate.h; sourceTree = "<group>"; };
		56348CFB1AA453F000D30E0D /* AppDelegate.m */ = {isa = PBXFileReference; lastKnownFileType = sourcecode.c.objc; path = AppDelegate.m; sourceTree = "<group>"; };
		56348CFD1AA453F000D30E0D /* Images.xcassets */ = {isa = PBXFileReference; lastKnownFileType = folder.assetcatalog; path = Images.xcassets; sourceTree = "<group>"; };
		56348D031AA453F000D30E0D /* MyWeiboTests.xctest */ = {isa = PBXFileReference; explicitFileType = wrapper.cfbundle; includeInIndex = 0; path = MyWeiboTests.xctest; sourceTree = BUILT_PRODUCTS_DIR; };
		56348D041AA453F000D30E0D /* XCTest.framework */ = {isa = PBXFileReference; lastKnownFileType = wrapper.framework; name = XCTest.framework; path = Library/Frameworks/XCTest.framework; sourceTree = DEVELOPER_DIR; };
		56348D0C1AA453F000D30E0D /* MyWeiboTests-Info.plist */ = {isa = PBXFileReference; lastKnownFileType = text.plist.xml; path = "MyWeiboTests-Info.plist"; sourceTree = "<group>"; };
		56348D0E1AA453F000D30E0D /* en */ = {isa = PBXFileReference; lastKnownFileType = text.plist.strings; name = en; path = en.lproj/InfoPlist.strings; sourceTree = "<group>"; };
		56348D101AA453F000D30E0D /* MyWeiboTests.m */ = {isa = PBXFileReference; lastKnownFileType = sourcecode.c.objc; path = MyWeiboTests.m; sourceTree = "<group>"; };
		566331C41AA5EA9800D43BF9 /* BadgeButton.h */ = {isa = PBXFileReference; fileEncoding = 4; lastKnownFileType = sourcecode.c.h; path = BadgeButton.h; sourceTree = "<group>"; };
		566331C51AA5EA9800D43BF9 /* BadgeButton.m */ = {isa = PBXFileReference; fileEncoding = 4; lastKnownFileType = sourcecode.c.objc; path = BadgeButton.m; sourceTree = "<group>"; };
		56A758DD1AA5607500EB96AD /* DiscoverController.h */ = {isa = PBXFileReference; fileEncoding = 4; lastKnownFileType = sourcecode.c.h; path = DiscoverController.h; sourceTree = "<group>"; };
		56A758DE1AA5607500EB96AD /* DiscoverController.m */ = {isa = PBXFileReference; fileEncoding = 4; lastKnownFileType = sourcecode.c.objc; path = DiscoverController.m; sourceTree = "<group>"; };
		56A758E31AA5607500EB96AD /* HomeController.h */ = {isa = PBXFileReference; fileEncoding = 4; lastKnownFileType = sourcecode.c.h; path = HomeController.h; sourceTree = "<group>"; };
		56A758E41AA5607500EB96AD /* HomeController.m */ = {isa = PBXFileReference; fileEncoding = 4; lastKnownFileType = sourcecode.c.objc; path = HomeController.m; sourceTree = "<group>"; };
		56A758E91AA5607500EB96AD /* CustomTabBarController.h */ = {isa = PBXFileReference; fileEncoding = 4; lastKnownFileType = sourcecode.c.h; path = CustomTabBarController.h; sourceTree = "<group>"; };
		56A758EA1AA5607500EB96AD /* CustomTabBarController.m */ = {isa = PBXFileReference; fileEncoding = 4; lastKnownFileType = sourcecode.c.objc; path = CustomTabBarController.m; sourceTree = "<group>"; };
		56A758EF1AA5607500EB96AD /* MeController.h */ = {isa = PBXFileReference; fileEncoding = 4; lastKnownFileType = sourcecode.c.h; path = MeController.h; sourceTree = "<group>"; };
		56A758F01AA5607500EB96AD /* MeController.m */ = {isa = PBXFileReference; fileEncoding = 4; lastKnownFileType = sourcecode.c.objc; path = MeController.m; sourceTree = "<group>"; };
		56A758F51AA5607500EB96AD /* MessageController.h */ = {isa = PBXFileReference; fileEncoding = 4; lastKnownFileType = sourcecode.c.h; path = MessageController.h; sourceTree = "<group>"; };
		56A758F61AA5607500EB96AD /* MessageController.m */ = {isa = PBXFileReference; fileEncoding = 4; lastKnownFileType = sourcecode.c.objc; path = MessageController.m; sourceTree = "<group>"; };
		56A759031AA571FF00EB96AD /* UIImage+Custom.h */ = {isa = PBXFileReference; fileEncoding = 4; lastKnownFileType = sourcecode.c.h; path = "UIImage+Custom.h"; sourceTree = "<group>"; };
		56A759041AA571FF00EB96AD /* UIImage+Custom.m */ = {isa = PBXFileReference; fileEncoding = 4; lastKnownFileType = sourcecode.c.objc; path = "UIImage+Custom.m"; sourceTree = "<group>"; };
		56A7590B1AA5829300EB96AD /* CustomTabBar.h */ = {isa = PBXFileReference; fileEncoding = 4; lastKnownFileType = sourcecode.c.h; path = CustomTabBar.h; sourceTree = "<group>"; };
		56A7590C1AA5829300EB96AD /* CustomTabBar.m */ = {isa = PBXFileReference; fileEncoding = 4; lastKnownFileType = sourcecode.c.objc; path = CustomTabBar.m; sourceTree = "<group>"; };
		56A7590E1AA5955A00EB96AD /* TabBarButton.h */ = {isa = PBXFileReference; fileEncoding = 4; lastKnownFileType = sourcecode.c.h; path = TabBarButton.h; sourceTree = "<group>"; };
		56A7590F1AA5955A00EB96AD /* TabBarButton.m */ = {isa = PBXFileReference; fileEncoding = 4; lastKnownFileType = sourcecode.c.objc; path = TabBarButton.m; sourceTree = "<group>"; };
		56A759111AA6D22F00EB96AD /* CustomNavigationController.h */ = {isa = PBXFileReference; fileEncoding = 4; lastKnownFileType = sourcecode.c.h; path = CustomNavigationController.h; sourceTree = "<group>"; };
		56A759121AA6D22F00EB96AD /* CustomNavigationController.m */ = {isa = PBXFileReference; fileEncoding = 4; lastKnownFileType = sourcecode.c.objc; path = CustomNavigationController.m; sourceTree = "<group>"; };
		56A759171AA7038100EB96AD /* UIBarButtonItem+Custom.h */ = {isa = PBXFileReference; fileEncoding = 4; lastKnownFileType = sourcecode.c.h; path = "UIBarButtonItem+Custom.h"; sourceTree = "<group>"; };
		56A759181AA7038100EB96AD /* UIBarButtonItem+Custom.m */ = {isa = PBXFileReference; fileEncoding = 4; lastKnownFileType = sourcecode.c.objc; path = "UIBarButtonItem+Custom.m"; sourceTree = "<group>"; };
		56A7591A1AA709E500EB96AD /* SearhField.h */ = {isa = PBXFileReference; fileEncoding = 4; lastKnownFileType = sourcecode.c.h; path = SearhField.h; sourceTree = "<group>"; };
		56A7591B1AA709E500EB96AD /* SearhField.m */ = {isa = PBXFileReference; fileEncoding = 4; lastKnownFileType = sourcecode.c.objc; path = SearhField.m; sourceTree = "<group>"; };
/* End PBXFileReference section */

/* Begin PBXFrameworksBuildPhase section */
		56348CE51AA453F000D30E0D /* Frameworks */ = {
			isa = PBXFrameworksBuildPhase;
			buildActionMask = 2147483647;
			files = (
				56348CEE1AA453F000D30E0D /* CoreGraphics.framework in Frameworks */,
				56348CF01AA453F000D30E0D /* UIKit.framework in Frameworks */,
				56348CEC1AA453F000D30E0D /* Foundation.framework in Frameworks */,
			);
			runOnlyForDeploymentPostprocessing = 0;
		};
		56348D001AA453F000D30E0D /* Frameworks */ = {
			isa = PBXFrameworksBuildPhase;
			buildActionMask = 2147483647;
			files = (
				56348D051AA453F000D30E0D /* XCTest.framework in Frameworks */,
				56348D071AA453F000D30E0D /* UIKit.framework in Frameworks */,
				56348D061AA453F000D30E0D /* Foundation.framework in Frameworks */,
			);
			runOnlyForDeploymentPostprocessing = 0;
		};
/* End PBXFrameworksBuildPhase section */

/* Begin PBXGroup section */
		56348CDF1AA453F000D30E0D = {
			isa = PBXGroup;
			children = (
				56348CF11AA453F000D30E0D /* MyWeibo */,
				56348D0A1AA453F000D30E0D /* MyWeiboTests */,
				56348CEA1AA453F000D30E0D /* Frameworks */,
				56348CE91AA453F000D30E0D /* Products */,
			);
			sourceTree = "<group>";
		};
		56348CE91AA453F000D30E0D /* Products */ = {
			isa = PBXGroup;
			children = (
				56348CE81AA453F000D30E0D /* MyWeibo.app */,
				56348D031AA453F000D30E0D /* MyWeiboTests.xctest */,
			);
			name = Products;
			sourceTree = "<group>";
		};
		56348CEA1AA453F000D30E0D /* Frameworks */ = {
			isa = PBXGroup;
			children = (
				56348CEB1AA453F000D30E0D /* Foundation.framework */,
				56348CED1AA453F000D30E0D /* CoreGraphics.framework */,
				56348CEF1AA453F000D30E0D /* UIKit.framework */,
				56348D041AA453F000D30E0D /* XCTest.framework */,
			);
			name = Frameworks;
			sourceTree = "<group>";
		};
		56348CF11AA453F000D30E0D /* MyWeibo */ = {
			isa = PBXGroup;
			children = (
				56A758DA1AA5607500EB96AD /* Classes */,
				56348CFA1AA453F000D30E0D /* AppDelegate.h */,
				56348CFB1AA453F000D30E0D /* AppDelegate.m */,
				56348CFD1AA453F000D30E0D /* Images.xcassets */,
				56348CF21AA453F000D30E0D /* Supporting Files */,
			);
			path = MyWeibo;
			sourceTree = "<group>";
		};
		56348CF21AA453F000D30E0D /* Supporting Files */ = {
			isa = PBXGroup;
			children = (
				56348CF31AA453F000D30E0D /* MyWeibo-Info.plist */,
				56348CF41AA453F000D30E0D /* InfoPlist.strings */,
				56348CF71AA453F000D30E0D /* main.m */,
				56348CF91AA453F000D30E0D /* MyWeibo-Prefix.pch */,
			);
			name = "Supporting Files";
			sourceTree = "<group>";
		};
		56348D0A1AA453F000D30E0D /* MyWeiboTests */ = {
			isa = PBXGroup;
			children = (
				56348D101AA453F000D30E0D /* MyWeiboTests.m */,
				56348D0B1AA453F000D30E0D /* Supporting Files */,
			);
			path = MyWeiboTests;
			sourceTree = "<group>";
		};
		56348D0B1AA453F000D30E0D /* Supporting Files */ = {
			isa = PBXGroup;
			children = (
				56348D0C1AA453F000D30E0D /* MyWeiboTests-Info.plist */,
				56348D0D1AA453F000D30E0D /* InfoPlist.strings */,
			);
			name = "Supporting Files";
			sourceTree = "<group>";
		};
		56A758DA1AA5607500EB96AD /* Classes */ = {
			isa = PBXGroup;
			children = (
				56A758DB1AA5607500EB96AD /* Discover */,
				56A758E11AA5607500EB96AD /* Home */,
				56A758E71AA5607500EB96AD /* Main */,
				56A758ED1AA5607500EB96AD /* Me */,
				56A758F31AA5607500EB96AD /* Message */,
				56A758F91AA5607500EB96AD /* Others */,
			);
			path = Classes;
			sourceTree = "<group>";
		};
		56A758DB1AA5607500EB96AD /* Discover */ = {
			isa = PBXGroup;
			children = (
				56A758DC1AA5607500EB96AD /* Controller */,
				56A758DF1AA5607500EB96AD /* Model */,
				56A758E01AA5607500EB96AD /* View */,
			);
			path = Discover;
			sourceTree = "<group>";
		};
		56A758DC1AA5607500EB96AD /* Controller */ = {
			isa = PBXGroup;
			children = (
				56A758DD1AA5607500EB96AD /* DiscoverController.h */,
				56A758DE1AA5607500EB96AD /* DiscoverController.m */,
			);
			path = Controller;
			sourceTree = "<group>";
		};
		56A758DF1AA5607500EB96AD /* Model */ = {
			isa = PBXGroup;
			children = (
			);
			path = Model;
			sourceTree = "<group>";
		};
		56A758E01AA5607500EB96AD /* View */ = {
			isa = PBXGroup;
			children = (
			);
			path = View;
			sourceTree = "<group>";
		};
		56A758E11AA5607500EB96AD /* Home */ = {
			isa = PBXGroup;
			children = (
				56A758E21AA5607500EB96AD /* Controller */,
				56A758E51AA5607500EB96AD /* Model */,
				56A758E61AA5607500EB96AD /* View */,
			);
			path = Home;
			sourceTree = "<group>";
		};
		56A758E21AA5607500EB96AD /* Controller */ = {
			isa = PBXGroup;
			children = (
				56A758E31AA5607500EB96AD /* HomeController.h */,
				56A758E41AA5607500EB96AD /* HomeController.m */,
			);
			path = Controller;
			sourceTree = "<group>";
		};
		56A758E51AA5607500EB96AD /* Model */ = {
			isa = PBXGroup;
			children = (
			);
			path = Model;
			sourceTree = "<group>";
		};
		56A758E61AA5607500EB96AD /* View */ = {
			isa = PBXGroup;
			children = (
			);
			path = View;
			sourceTree = "<group>";
		};
		56A758E71AA5607500EB96AD /* Main */ = {
			isa = PBXGroup;
			children = (
				56A758E81AA5607500EB96AD /* Controller */,
				56A758EB1AA5607500EB96AD /* Model */,
				56A7590A1AA5827900EB96AD /* View */,
			);
			path = Main;
			sourceTree = "<group>";
		};
		56A758E81AA5607500EB96AD /* Controller */ = {
			isa = PBXGroup;
			children = (
				56A758E91AA5607500EB96AD /* CustomTabBarController.h */,
				56A758EA1AA5607500EB96AD /* CustomTabBarController.m */,
			);
			path = Controller;
			sourceTree = "<group>";
		};
		56A758EB1AA5607500EB96AD /* Model */ = {
			isa = PBXGroup;
			children = (
			);
			path = Model;
			sourceTree = "<group>";
		};
		56A758ED1AA5607500EB96AD /* Me */ = {
			isa = PBXGroup;
			children = (
				56A758EE1AA5607500EB96AD /* Controller */,
				56A758F11AA5607500EB96AD /* Model */,
				56A758F21AA5607500EB96AD /* View */,
			);
			path = Me;
			sourceTree = "<group>";
		};
		56A758EE1AA5607500EB96AD /* Controller */ = {
			isa = PBXGroup;
			children = (
				56A758EF1AA5607500EB96AD /* MeController.h */,
				56A758F01AA5607500EB96AD /* MeController.m */,
			);
			path = Controller;
			sourceTree = "<group>";
		};
		56A758F11AA5607500EB96AD /* Model */ = {
			isa = PBXGroup;
			children = (
			);
			path = Model;
			sourceTree = "<group>";
		};
		56A758F21AA5607500EB96AD /* View */ = {
			isa = PBXGroup;
			children = (
			);
			path = View;
			sourceTree = "<group>";
		};
		56A758F31AA5607500EB96AD /* Message */ = {
			isa = PBXGroup;
			children = (
				56A758F41AA5607500EB96AD /* Controller */,
				56A758F71AA5607500EB96AD /* Model */,
				56A758F81AA5607500EB96AD /* View */,
			);
			path = Message;
			sourceTree = "<group>";
		};
		56A758F41AA5607500EB96AD /* Controller */ = {
			isa = PBXGroup;
			children = (
				56A758F51AA5607500EB96AD /* MessageController.h */,
				56A758F61AA5607500EB96AD /* MessageController.m */,
			);
			path = Controller;
			sourceTree = "<group>";
		};
		56A758F71AA5607500EB96AD /* Model */ = {
			isa = PBXGroup;
			children = (
			);
			path = Model;
			sourceTree = "<group>";
		};
		56A758F81AA5607500EB96AD /* View */ = {
			isa = PBXGroup;
			children = (
			);
			path = View;
			sourceTree = "<group>";
		};
		56A758F91AA5607500EB96AD /* Others */ = {
			isa = PBXGroup;
			children = (
				56A758FA1AA5607500EB96AD /* Category */,
				56A758FB1AA5607500EB96AD /* Controller */,
				56A758FC1AA5607500EB96AD /* Model */,
				56A758FD1AA5607500EB96AD /* View */,
			);
			path = Others;
			sourceTree = "<group>";
		};
		56A758FA1AA5607500EB96AD /* Category */ = {
			isa = PBXGroup;
			children = (
				56A759031AA571FF00EB96AD /* UIImage+Custom.h */,
				56A759041AA571FF00EB96AD /* UIImage+Custom.m */,
				56A759171AA7038100EB96AD /* UIBarButtonItem+Custom.h */,
				56A759181AA7038100EB96AD /* UIBarButtonItem+Custom.m */,
			);
			path = Category;
			sourceTree = "<group>";
		};
		56A758FB1AA5607500EB96AD /* Controller */ = {
			isa = PBXGroup;
			children = (
				56A759111AA6D22F00EB96AD /* CustomNavigationController.h */,
				56A759121AA6D22F00EB96AD /* CustomNavigationController.m */,
			);
			path = Controller;
			sourceTree = "<group>";
		};
		56A758FC1AA5607500EB96AD /* Model */ = {
			isa = PBXGroup;
			children = (
			);
			path = Model;
			sourceTree = "<group>";
		};
		56A758FD1AA5607500EB96AD /* View */ = {
			isa = PBXGroup;
			children = (
				56A7591A1AA709E500EB96AD /* SearhField.h */,
				56A7591B1AA709E500EB96AD /* SearhField.m */,
			);
			path = View;
			sourceTree = "<group>";
		};
		56A7590A1AA5827900EB96AD /* View */ = {
			isa = PBXGroup;
			children = (
				56A7590B1AA5829300EB96AD /* CustomTabBar.h */,
				56A7590C1AA5829300EB96AD /* CustomTabBar.m */,
				56A7590E1AA5955A00EB96AD /* TabBarButton.h */,
				56A7590F1AA5955A00EB96AD /* TabBarButton.m */,
				566331C41AA5EA9800D43BF9 /* BadgeButton.h */,
				566331C51AA5EA9800D43BF9 /* BadgeButton.m */,
			);
			path = View;
			sourceTree = "<group>";
		};
/* End PBXGroup section */

/* Begin PBXNativeTarget section */
		56348CE71AA453F000D30E0D /* MyWeibo */ = {
			isa = PBXNativeTarget;
			buildConfigurationList = 56348D141AA453F000D30E0D /* Build configuration list for PBXNativeTarget "MyWeibo" */;
			buildPhases = (
				56348CE41AA453F000D30E0D /* Sources */,
				56348CE51AA453F000D30E0D /* Frameworks */,
				56348CE61AA453F000D30E0D /* Resources */,
			);
			buildRules = (
			);
			dependencies = (
			);
			name = MyWeibo;
			productName = MyWeibo;
			productReference = 56348CE81AA453F000D30E0D /* MyWeibo.app */;
			productType = "com.apple.product-type.application";
		};
		56348D021AA453F000D30E0D /* MyWeiboTests */ = {
			isa = PBXNativeTarget;
			buildConfigurationList = 56348D171AA453F000D30E0D /* Build configuration list for PBXNativeTarget "MyWeiboTests" */;
			buildPhases = (
				56348CFF1AA453F000D30E0D /* Sources */,
				56348D001AA453F000D30E0D /* Frameworks */,
				56348D011AA453F000D30E0D /* Resources */,
			);
			buildRules = (
			);
			dependencies = (
				56348D091AA453F000D30E0D /* PBXTargetDependency */,
			);
			name = MyWeiboTests;
			productName = MyWeiboTests;
			productReference = 56348D031AA453F000D30E0D /* MyWeiboTests.xctest */;
			productType = "com.apple.product-type.bundle.unit-test";
		};
/* End PBXNativeTarget section */

/* Begin PBXProject section */
		56348CE01AA453F000D30E0D /* Project object */ = {
			isa = PBXProject;
			attributes = {
				LastUpgradeCheck = 0510;
				ORGANIZATIONNAME = ChenXin;
				TargetAttributes = {
					56348D021AA453F000D30E0D = {
						TestTargetID = 56348CE71AA453F000D30E0D;
					};
				};
			};
			buildConfigurationList = 56348CE31AA453F000D30E0D /* Build configuration list for PBXProject "MyWeibo" */;
			compatibilityVersion = "Xcode 3.2";
			developmentRegion = English;
			hasScannedForEncodings = 0;
			knownRegions = (
				en,
			);
			mainGroup = 56348CDF1AA453F000D30E0D;
			productRefGroup = 56348CE91AA453F000D30E0D /* Products */;
			projectDirPath = "";
			projectRoot = "";
			targets = (
				56348CE71AA453F000D30E0D /* MyWeibo */,
				56348D021AA453F000D30E0D /* MyWeiboTests */,
			);
		};
/* End PBXProject section */

/* Begin PBXResourcesBuildPhase section */
		56348CE61AA453F000D30E0D /* Resources */ = {
			isa = PBXResourcesBuildPhase;
			buildActionMask = 2147483647;
			files = (
				56348CF61AA453F000D30E0D /* InfoPlist.strings in Resources */,
				56348CFE1AA453F000D30E0D /* Images.xcassets in Resources */,
			);
			runOnlyForDeploymentPostprocessing = 0;
		};
		56348D011AA453F000D30E0D /* Resources */ = {
			isa = PBXResourcesBuildPhase;
			buildActionMask = 2147483647;
			files = (
				56348D0F1AA453F000D30E0D /* InfoPlist.strings in Resources */,
			);
			runOnlyForDeploymentPostprocessing = 0;
		};
/* End PBXResourcesBuildPhase section */

/* Begin PBXSourcesBuildPhase section */
		56348CE41AA453F000D30E0D /* Sources */ = {
			isa = PBXSourcesBuildPhase;
			buildActionMask = 2147483647;
			files = (
				56A758FF1AA5607500EB96AD /* HomeController.m in Sources */,
				566331C61AA5EA9800D43BF9 /* BadgeButton.m in Sources */,
				56A759011AA5607500EB96AD /* MeController.m in Sources */,
				56A759051AA571FF00EB96AD /* UIImage+Custom.m in Sources */,
				56A758FE1AA5607500EB96AD /* DiscoverController.m in Sources */,
				56348CFC1AA453F000D30E0D /* AppDelegate.m in Sources */,
				56A7590D1AA5829300EB96AD /* CustomTabBar.m in Sources */,
				56A759001AA5607500EB96AD /* CustomTabBarController.m in Sources */,
				56A759191AA7038100EB96AD /* UIBarButtonItem+Custom.m in Sources */,
				56A759101AA5955A00EB96AD /* TabBarButton.m in Sources */,
				56348CF81AA453F000D30E0D /* main.m in Sources */,
				56A759131AA6D22F00EB96AD /* CustomNavigationController.m in Sources */,
				56A7591C1AA709E500EB96AD /* SearhField.m in Sources */,
				56A759021AA5607500EB96AD /* MessageController.m in Sources */,
			);
			runOnlyForDeploymentPostprocessing = 0;
		};
		56348CFF1AA453F000D30E0D /* Sources */ = {
			isa = PBXSourcesBuildPhase;
			buildActionMask = 2147483647;
			files = (
				56348D111AA453F000D30E0D /* MyWeiboTests.m in Sources */,
			);
			runOnlyForDeploymentPostprocessing = 0;
		};
/* End PBXSourcesBuildPhase section */

/* Begin PBXTargetDependency section */
		56348D091AA453F000D30E0D /* PBXTargetDependency */ = {
			isa = PBXTargetDependency;
			target = 56348CE71AA453F000D30E0D /* MyWeibo */;
			targetProxy = 56348D081AA453F000D30E0D /* PBXContainerItemProxy */;
		};
/* End PBXTargetDependency section */

/* Begin PBXVariantGroup section */
		56348CF41AA453F000D30E0D /* InfoPlist.strings */ = {
			isa = PBXVariantGroup;
			children = (
				56348CF51AA453F000D30E0D /* en */,
			);
			name = InfoPlist.strings;
			sourceTree = "<group>";
		};
		56348D0D1AA453F000D30E0D /* InfoPlist.strings */ = {
			isa = PBXVariantGroup;
			children = (
				56348D0E1AA453F000D30E0D /* en */,
			);
			name = InfoPlist.strings;
			sourceTree = "<group>";
		};
/* End PBXVariantGroup section */

/* Begin XCBuildConfiguration section */
		56348D121AA453F000D30E0D /* Debug */ = {
			isa = XCBuildConfiguration;
			buildSettings = {
				ALWAYS_SEARCH_USER_PATHS = NO;
				CLANG_CXX_LANGUAGE_STANDARD = "gnu++0x";
				CLANG_CXX_LIBRARY = "libc++";
				CLANG_ENABLE_MODULES = YES;
				CLANG_ENABLE_OBJC_ARC = YES;
				CLANG_WARN_BOOL_CONVERSION = YES;
				CLANG_WARN_CONSTANT_CONVERSION = YES;
				CLANG_WARN_DIRECT_OBJC_ISA_USAGE = YES_ERROR;
				CLANG_WARN_EMPTY_BODY = YES;
				CLANG_WARN_ENUM_CONVERSION = YES;
				CLANG_WARN_INT_CONVERSION = YES;
				CLANG_WARN_OBJC_ROOT_CLASS = YES_ERROR;
				CLANG_WARN__DUPLICATE_METHOD_MATCH = YES;
				"CODE_SIGN_IDENTITY[sdk=iphoneos*]" = "iPhone Developer";
				COPY_PHASE_STRIP = NO;
				GCC_C_LANGUAGE_STANDARD = gnu99;
				GCC_DYNAMIC_NO_PIC = NO;
				GCC_OPTIMIZATION_LEVEL = 0;
				GCC_PREPROCESSOR_DEFINITIONS = (
					"DEBUG=1",
					"$(inherited)",
				);
				GCC_SYMBOLS_PRIVATE_EXTERN = NO;
				GCC_WARN_64_TO_32_BIT_CONVERSION = YES;
				GCC_WARN_ABOUT_RETURN_TYPE = YES_ERROR;
				GCC_WARN_UNDECLARED_SELECTOR = YES;
				GCC_WARN_UNINITIALIZED_AUTOS = YES_AGGRESSIVE;
				GCC_WARN_UNUSED_FUNCTION = YES;
				GCC_WARN_UNUSED_VARIABLE = YES;
				IPHONEOS_DEPLOYMENT_TARGET = 7.1;
				ONLY_ACTIVE_ARCH = YES;
				SDKROOT = iphoneos;
			};
			name = Debug;
		};
		56348D131AA453F000D30E0D /* Release */ = {
			isa = XCBuildConfiguration;
			buildSettings = {
				ALWAYS_SEARCH_USER_PATHS = NO;
				CLANG_CXX_LANGUAGE_STANDARD = "gnu++0x";
				CLANG_CXX_LIBRARY = "libc++";
				CLANG_ENABLE_MODULES = YES;
				CLANG_ENABLE_OBJC_ARC = YES;
				CLANG_WARN_BOOL_CONVERSION = YES;
				CLANG_WARN_CONSTANT_CONVERSION = YES;
				CLANG_WARN_DIRECT_OBJC_ISA_USAGE = YES_ERROR;
				CLANG_WARN_EMPTY_BODY = YES;
				CLANG_WARN_ENUM_CONVERSION = YES;
				CLANG_WARN_INT_CONVERSION = YES;
				CLANG_WARN_OBJC_ROOT_CLASS = YES_ERROR;
				CLANG_WARN__DUPLICATE_METHOD_MATCH = YES;
				"CODE_SIGN_IDENTITY[sdk=iphoneos*]" = "iPhone Developer";
				COPY_PHASE_STRIP = YES;
				ENABLE_NS_ASSERTIONS = NO;
				GCC_C_LANGUAGE_STANDARD = gnu99;
				GCC_WARN_64_TO_32_BIT_CONVERSION = YES;
				GCC_WARN_ABOUT_RETURN_TYPE = YES_ERROR;
				GCC_WARN_UNDECLARED_SELECTOR = YES;
				GCC_WARN_UNINITIALIZED_AUTOS = YES_AGGRESSIVE;
				GCC_WARN_UNUSED_FUNCTION = YES;
				GCC_WARN_UNUSED_VARIABLE = YES;
				IPHONEOS_DEPLOYMENT_TARGET = 7.1;
				SDKROOT = iphoneos;
				VALIDATE_PRODUCT = YES;
			};
			name = Release;
		};
		56348D151AA453F000D30E0D /* Debug */ = {
			isa = XCBuildConfiguration;
			buildSettings = {
				ASSETCATALOG_COMPILER_APPICON_NAME = AppIcon;
				ASSETCATALOG_COMPILER_LAUNCHIMAGE_NAME = LaunchImage;
				GCC_PRECOMPILE_PREFIX_HEADER = YES;
				GCC_PREFIX_HEADER = "MyWeibo/MyWeibo-Prefix.pch";
				INFOPLIST_FILE = "MyWeibo/MyWeibo-Info.plist";
				IPHONEOS_DEPLOYMENT_TARGET = 6.1;
				PRODUCT_NAME = "$(TARGET_NAME)";
				WRAPPER_EXTENSION = app;
			};
			name = Debug;
		};
		56348D161AA453F000D30E0D /* Release */ = {
			isa = XCBuildConfiguration;
			buildSettings = {
				ASSETCATALOG_COMPILER_APPICON_NAME = AppIcon;
				ASSETCATALOG_COMPILER_LAUNCHIMAGE_NAME = LaunchImage;
				GCC_PRECOMPILE_PREFIX_HEADER = YES;
				GCC_PREFIX_HEADER = "MyWeibo/MyWeibo-Prefix.pch";
				INFOPLIST_FILE = "MyWeibo/MyWeibo-Info.plist";
				IPHONEOS_DEPLOYMENT_TARGET = 6.1;
				PRODUCT_NAME = "$(TARGET_NAME)";
				WRAPPER_EXTENSION = app;
			};
			name = Release;
		};
		56348D181AA453F000D30E0D /* Debug */ = {
			isa = XCBuildConfiguration;
			buildSettings = {
				BUNDLE_LOADER = "$(BUILT_PRODUCTS_DIR)/MyWeibo.app/MyWeibo";
				FRAMEWORK_SEARCH_PATHS = (
					"$(SDKROOT)/Developer/Library/Frameworks",
					"$(inherited)",
					"$(DEVELOPER_FRAMEWORKS_DIR)",
				);
				GCC_PRECOMPILE_PREFIX_HEADER = YES;
				GCC_PREFIX_HEADER = "MyWeibo/MyWeibo-Prefix.pch";
				GCC_PREPROCESSOR_DEFINITIONS = (
					"DEBUG=1",
					"$(inherited)",
				);
				INFOPLIST_FILE = "MyWeiboTests/MyWeiboTests-Info.plist";
				PRODUCT_NAME = "$(TARGET_NAME)";
				TEST_HOST = "$(BUNDLE_LOADER)";
				WRAPPER_EXTENSION = xctest;
			};
			name = Debug;
		};
		56348D191AA453F000D30E0D /* Release */ = {
			isa = XCBuildConfiguration;
			buildSettings = {
				BUNDLE_LOADER = "$(BUILT_PRODUCTS_DIR)/MyWeibo.app/MyWeibo";
				FRAMEWORK_SEARCH_PATHS = (
					"$(SDKROOT)/Developer/Library/Frameworks",
					"$(inherited)",
					"$(DEVELOPER_FRAMEWORKS_DIR)",
				);
				GCC_PRECOMPILE_PREFIX_HEADER = YES;
				GCC_PREFIX_HEADER = "MyWeibo/MyWeibo-Prefix.pch";
				INFOPLIST_FILE = "MyWeiboTests/MyWeiboTests-Info.plist";
				PRODUCT_NAME = "$(TARGET_NAME)";
				TEST_HOST = "$(BUNDLE_LOADER)";
				WRAPPER_EXTENSION = xctest;
			};
			name = Release;
		};
/* End XCBuildConfiguration section */

/* Begin XCConfigurationList section */
		56348CE31AA453F000D30E0D /* Build configuration list for PBXProject "MyWeibo" */ = {
			isa = XCConfigurationList;
			buildConfigurations = (
				56348D121AA453F000D30E0D /* Debug */,
				56348D131AA453F000D30E0D /* Release */,
			);
			defaultConfigurationIsVisible = 0;
			defaultConfigurationName = Release;
		};
		56348D141AA453F000D30E0D /* Build configuration list for PBXNativeTarget "MyWeibo" */ = {
			isa = XCConfigurationList;
			buildConfigurations = (
				56348D151AA453F000D30E0D /* Debug */,
				56348D161AA453F000D30E0D /* Release */,
			);
			defaultConfigurationIsVisible = 0;
			defaultConfigurationName = Release;
		};
		56348D171AA453F000D30E0D /* Build configuration list for PBXNativeTarget "MyWeiboTests" */ = {
			isa = XCConfigurationList;
			buildConfigurations = (
				56348D181AA453F000D30E0D /* Debug */,
				56348D191AA453F000D30E0D /* Release */,
			);
			defaultConfigurationIsVisible = 0;
			defaultConfigurationName = Release;
		};
/* End XCConfigurationList section */
	};
	rootObject = 56348CE01AA453F000D30E0D /* Project object */;
}
