// !$*UTF8*$!
{
	archiveVersion = 1;
	classes = {
	};
	objectVersion = 46;
	objects = {

/* Begin PBXBuildFile section */
		560F6F401AAD732F002EDE1B /* SearhField.m in Sources */ = {isa = PBXBuildFile; fileRef = 560F6F3F1AAD732F002EDE1B /* SearhField.m */; };
		56333BE41AA978D1002B62AA /* MBProgressHUD+MJ.m in Sources */ = {isa = PBXBuildFile; fileRef = 56333BE01AA978D1002B62AA /* MBProgressHUD+MJ.m */; };
		56333BE51AA978D1002B62AA /* MBProgressHUD.bundle in Resources */ = {isa = PBXBuildFile; fileRef = 56333BE11AA978D1002B62AA /* MBProgressHUD.bundle */; };
		56333BE61AA978D1002B62AA /* MBProgressHUD.m in Sources */ = {isa = PBXBuildFile; fileRef = 56333BE31AA978D1002B62AA /* MBProgressHUD.m */; };
		56333C241AA9A0A6002B62AA /* MJArgument.m in Sources */ = {isa = PBXBuildFile; fileRef = 56333BE91AA9A0A6002B62AA /* MJArgument.m */; };
		56333C251AA9A0A6002B62AA /* MJIvar.m in Sources */ = {isa = PBXBuildFile; fileRef = 56333BEC1AA9A0A6002B62AA /* MJIvar.m */; };
		56333C261AA9A0A6002B62AA /* MJMember.m in Sources */ = {isa = PBXBuildFile; fileRef = 56333BEE1AA9A0A6002B62AA /* MJMember.m */; };
		56333C271AA9A0A6002B62AA /* MJMethod.m in Sources */ = {isa = PBXBuildFile; fileRef = 56333BF01AA9A0A6002B62AA /* MJMethod.m */; };
		56333C281AA9A0A6002B62AA /* MJType.m in Sources */ = {isa = PBXBuildFile; fileRef = 56333BF21AA9A0A6002B62AA /* MJType.m */; };
		56333C291AA9A0A6002B62AA /* MJTypeEncoding.m in Sources */ = {isa = PBXBuildFile; fileRef = 56333BF41AA9A0A6002B62AA /* MJTypeEncoding.m */; };
		56333C2A1AA9A0A6002B62AA /* NSObject+MJCoding.m in Sources */ = {isa = PBXBuildFile; fileRef = 56333BF61AA9A0A6002B62AA /* NSObject+MJCoding.m */; };
		56333C2B1AA9A0A6002B62AA /* NSObject+MJKeyValue.m in Sources */ = {isa = PBXBuildFile; fileRef = 56333BF81AA9A0A6002B62AA /* NSObject+MJKeyValue.m */; };
		56333C2C1AA9A0A6002B62AA /* NSObject+MJMember.m in Sources */ = {isa = PBXBuildFile; fileRef = 56333BFA1AA9A0A6002B62AA /* NSObject+MJMember.m */; };
		56333C2D1AA9A0A6002B62AA /* MJRefresh.bundle in Resources */ = {isa = PBXBuildFile; fileRef = 56333BFC1AA9A0A6002B62AA /* MJRefresh.bundle */; };
		56333C2E1AA9A0A6002B62AA /* MJRefreshBaseView.m in Sources */ = {isa = PBXBuildFile; fileRef = 56333BFF1AA9A0A6002B62AA /* MJRefreshBaseView.m */; };
		56333C2F1AA9A0A6002B62AA /* MJRefreshConst.m in Sources */ = {isa = PBXBuildFile; fileRef = 56333C011AA9A0A6002B62AA /* MJRefreshConst.m */; };
		56333C301AA9A0A6002B62AA /* MJRefreshFooterView.m in Sources */ = {isa = PBXBuildFile; fileRef = 56333C031AA9A0A6002B62AA /* MJRefreshFooterView.m */; };
		56333C311AA9A0A6002B62AA /* MJRefreshHeaderView.m in Sources */ = {isa = PBXBuildFile; fileRef = 56333C051AA9A0A6002B62AA /* MJRefreshHeaderView.m */; };
		56333C321AA9A0A6002B62AA /* MKAnnotationView+WebCache.m in Sources */ = {isa = PBXBuildFile; fileRef = 56333C081AA9A0A6002B62AA /* MKAnnotationView+WebCache.m */; };
		56333C331AA9A0A6002B62AA /* NSData+ImageContentType.m in Sources */ = {isa = PBXBuildFile; fileRef = 56333C0A1AA9A0A6002B62AA /* NSData+ImageContentType.m */; };
		56333C341AA9A0A6002B62AA /* SDImageCache.m in Sources */ = {isa = PBXBuildFile; fileRef = 56333C0C1AA9A0A6002B62AA /* SDImageCache.m */; };
		56333C351AA9A0A6002B62AA /* SDWebImageCompat.m in Sources */ = {isa = PBXBuildFile; fileRef = 56333C0E1AA9A0A6002B62AA /* SDWebImageCompat.m */; };
		56333C361AA9A0A6002B62AA /* SDWebImageDecoder.m in Sources */ = {isa = PBXBuildFile; fileRef = 56333C101AA9A0A6002B62AA /* SDWebImageDecoder.m */; };
		56333C371AA9A0A6002B62AA /* SDWebImageDownloader.m in Sources */ = {isa = PBXBuildFile; fileRef = 56333C121AA9A0A6002B62AA /* SDWebImageDownloader.m */; };
		56333C381AA9A0A6002B62AA /* SDWebImageDownloaderOperation.m in Sources */ = {isa = PBXBuildFile; fileRef = 56333C141AA9A0A6002B62AA /* SDWebImageDownloaderOperation.m */; };
		56333C391AA9A0A6002B62AA /* SDWebImageManager.m in Sources */ = {isa = PBXBuildFile; fileRef = 56333C161AA9A0A6002B62AA /* SDWebImageManager.m */; };
		56333C3A1AA9A0A6002B62AA /* SDWebImagePrefetcher.m in Sources */ = {isa = PBXBuildFile; fileRef = 56333C191AA9A0A6002B62AA /* SDWebImagePrefetcher.m */; };
		56333C3B1AA9A0A6002B62AA /* UIButton+WebCache.m in Sources */ = {isa = PBXBuildFile; fileRef = 56333C1B1AA9A0A6002B62AA /* UIButton+WebCache.m */; };
		56333C3C1AA9A0A6002B62AA /* UIImage+GIF.m in Sources */ = {isa = PBXBuildFile; fileRef = 56333C1D1AA9A0A6002B62AA /* UIImage+GIF.m */; };
		56333C3D1AA9A0A6002B62AA /* UIImage+MultiFormat.m in Sources */ = {isa = PBXBuildFile; fileRef = 56333C1F1AA9A0A6002B62AA /* UIImage+MultiFormat.m */; };
		56333C3E1AA9A0A6002B62AA /* UIImage+WebP.m in Sources */ = {isa = PBXBuildFile; fileRef = 56333C211AA9A0A6002B62AA /* UIImage+WebP.m */; };
		56333C3F1AA9A0A6002B62AA /* UIImageView+WebCache.m in Sources */ = {isa = PBXBuildFile; fileRef = 56333C231AA9A0A6002B62AA /* UIImageView+WebCache.m */; };
		56333C421AA9A172002B62AA /* Status.m in Sources */ = {isa = PBXBuildFile; fileRef = 56333C411AA9A172002B62AA /* Status.m */; };
		56333C451AA9A182002B62AA /* User.m in Sources */ = {isa = PBXBuildFile; fileRef = 56333C441AA9A182002B62AA /* User.m */; };
		56348CEC1AA453F000D30E0D /* Foundation.framework in Frameworks */ = {isa = PBXBuildFile; fileRef = 56348CEB1AA453F000D30E0D /* Foundation.framework */; };
		56348CEE1AA453F000D30E0D /* CoreGraphics.framework in Frameworks */ = {isa = PBXBuildFile; fileRef = 56348CED1AA453F000D30E0D /* CoreGraphics.framework */; };
		56348CF01AA453F000D30E0D /* UIKit.framework in Frameworks */ = {isa = PBXBuildFile; fileRef = 56348CEF1AA453F000D30E0D /* UIKit.framework */; };
		56348CF61AA453F000D30E0D /* InfoPlist.strings in Resources */ = {isa = PBXBuildFile; fileRef = 56348CF41AA453F000D30E0D /* InfoPlist.strings */; };
		56348CF81AA453F000D30E0D /* main.m in Sources */ = {isa = PBXBuildFile; fileRef = 56348CF71AA453F000D30E0D /* main.m */; };
		56348CFC1AA453F000D30E0D /* AppDelegate.m in Sources */ = {isa = PBXBuildFile; fileRef = 56348CFB1AA453F000D30E0D /* AppDelegate.m */; };
		56348CFE1AA453F000D30E0D /* Images.xcassets in Resources */ = {isa = PBXBuildFile; fileRef = 56348CFD1AA453F000D30E0D /* Images.xcassets */; };
		56348D051AA453F000D30E0D /* XCTest.framework in Frameworks */ = {isa = PBXBuildFile; fileRef = 56348D041AA453F000D30E0D /* XCTest.framework */; };
		56348D061AA453F000D30E0D /* Foundation.framework in Frameworks */ = {isa = PBXBuildFile; fileRef = 56348CEB1AA453F000D30E0D /* Foundation.framework */; };
		56348D071AA453F000D30E0D /* UIKit.framework in Frameworks */ = {isa = PBXBuildFile; fileRef = 56348CEF1AA453F000D30E0D /* UIKit.framework */; };
		56348D0F1AA453F000D30E0D /* InfoPlist.strings in Resources */ = {isa = PBXBuildFile; fileRef = 56348D0D1AA453F000D30E0D /* InfoPlist.strings */; };
		56348D111AA453F000D30E0D /* MyWeiboTests.m in Sources */ = {isa = PBXBuildFile; fileRef = 56348D101AA453F000D30E0D /* MyWeiboTests.m */; };
		566331C61AA5EA9800D43BF9 /* BadgeButton.m in Sources */ = {isa = PBXBuildFile; fileRef = 566331C51AA5EA9800D43BF9 /* BadgeButton.m */; };
		56A758FE1AA5607500EB96AD /* DiscoverController.m in Sources */ = {isa = PBXBuildFile; fileRef = 56A758DE1AA5607500EB96AD /* DiscoverController.m */; };
		56A758FF1AA5607500EB96AD /* HomeController.m in Sources */ = {isa = PBXBuildFile; fileRef = 56A758E41AA5607500EB96AD /* HomeController.m */; };
		56A759001AA5607500EB96AD /* CustomTabBarController.m in Sources */ = {isa = PBXBuildFile; fileRef = 56A758EA1AA5607500EB96AD /* CustomTabBarController.m */; };
		56A759011AA5607500EB96AD /* MeController.m in Sources */ = {isa = PBXBuildFile; fileRef = 56A758F01AA5607500EB96AD /* MeController.m */; };
		56A759021AA5607500EB96AD /* MessageController.m in Sources */ = {isa = PBXBuildFile; fileRef = 56A758F61AA5607500EB96AD /* MessageController.m */; };
		56A759051AA571FF00EB96AD /* UIImage+Custom.m in Sources */ = {isa = PBXBuildFile; fileRef = 56A759041AA571FF00EB96AD /* UIImage+Custom.m */; };
		56A7590D1AA5829300EB96AD /* CustomTabBar.m in Sources */ = {isa = PBXBuildFile; fileRef = 56A7590C1AA5829300EB96AD /* CustomTabBar.m */; };
		56A759101AA5955A00EB96AD /* TabBarButton.m in Sources */ = {isa = PBXBuildFile; fileRef = 56A7590F1AA5955A00EB96AD /* TabBarButton.m */; };
		56A759131AA6D22F00EB96AD /* CustomNavigationController.m in Sources */ = {isa = PBXBuildFile; fileRef = 56A759121AA6D22F00EB96AD /* CustomNavigationController.m */; };
		56A759191AA7038100EB96AD /* UIBarButtonItem+Custom.m in Sources */ = {isa = PBXBuildFile; fileRef = 56A759181AA7038100EB96AD /* UIBarButtonItem+Custom.m */; };
		56A7591F1AA7EE5500EB96AD /* NewFeatureController.m in Sources */ = {isa = PBXBuildFile; fileRef = 56A7591E1AA7EE5500EB96AD /* NewFeatureController.m */; };
		56A759241AA96D2600EB96AD /* Util.m in Sources */ = {isa = PBXBuildFile; fileRef = 56A759231AA96D2600EB96AD /* Util.m */; };
		56C2CB461AA74AEE0009480B /* ButtonWithRightIcon.m in Sources */ = {isa = PBXBuildFile; fileRef = 56C2CB451AA74AEE0009480B /* ButtonWithRightIcon.m */; };
		56C9BB661AA88DAF003DDE13 /* LoginController.m in Sources */ = {isa = PBXBuildFile; fileRef = 56C9BB651AA88DAF003DDE13 /* LoginController.m */; };
		56C9BB9B1AA8A04C003DDE13 /* AFHTTPRequestOperation.m in Sources */ = {isa = PBXBuildFile; fileRef = 56C9BB891AA8A04C003DDE13 /* AFHTTPRequestOperation.m */; };
		56C9BB9C1AA8A04C003DDE13 /* AFHTTPRequestOperationManager.m in Sources */ = {isa = PBXBuildFile; fileRef = 56C9BB8B1AA8A04C003DDE13 /* AFHTTPRequestOperationManager.m */; };
		56C9BB9D1AA8A04C003DDE13 /* AFHTTPSessionManager.m in Sources */ = {isa = PBXBuildFile; fileRef = 56C9BB8D1AA8A04C003DDE13 /* AFHTTPSessionManager.m */; };
		56C9BB9E1AA8A04C003DDE13 /* AFNetworkReachabilityManager.m in Sources */ = {isa = PBXBuildFile; fileRef = 56C9BB901AA8A04C003DDE13 /* AFNetworkReachabilityManager.m */; };
		56C9BB9F1AA8A04C003DDE13 /* AFSecurityPolicy.m in Sources */ = {isa = PBXBuildFile; fileRef = 56C9BB921AA8A04C003DDE13 /* AFSecurityPolicy.m */; };
		56C9BBA01AA8A04C003DDE13 /* AFURLConnectionOperation.m in Sources */ = {isa = PBXBuildFile; fileRef = 56C9BB941AA8A04C003DDE13 /* AFURLConnectionOperation.m */; };
		56C9BBA11AA8A04C003DDE13 /* AFURLRequestSerialization.m in Sources */ = {isa = PBXBuildFile; fileRef = 56C9BB961AA8A04C003DDE13 /* AFURLRequestSerialization.m */; };
		56C9BBA21AA8A04C003DDE13 /* AFURLResponseSerialization.m in Sources */ = {isa = PBXBuildFile; fileRef = 56C9BB981AA8A04C003DDE13 /* AFURLResponseSerialization.m */; };
		56C9BBA31AA8A04C003DDE13 /* AFURLSessionManager.m in Sources */ = {isa = PBXBuildFile; fileRef = 56C9BB9A1AA8A04C003DDE13 /* AFURLSessionManager.m */; };
		56C9BBA71AA8A2F3003DDE13 /* Account.m in Sources */ = {isa = PBXBuildFile; fileRef = 56C9BBA61AA8A2F3003DDE13 /* Account.m */; };
/* End PBXBuildFile section */

/* Begin PBXContainerItemProxy section */
		56348D081AA453F000D30E0D /* PBXContainerItemProxy */ = {
			isa = PBXContainerItemProxy;
			containerPortal = 56348CE01AA453F000D30E0D /* Project object */;
			proxyType = 1;
			remoteGlobalIDString = 56348CE71AA453F000D30E0D;
			remoteInfo = MyWeibo;
		};
/* End PBXContainerItemProxy section */

/* Begin PBXFileReference section */
		560F6F3E1AAD732F002EDE1B /* SearhField.h */ = {isa = PBXFileReference; fileEncoding = 4; lastKnownFileType = sourcecode.c.h; path = SearhField.h; sourceTree = "<group>"; };
		560F6F3F1AAD732F002EDE1B /* SearhField.m */ = {isa = PBXFileReference; fileEncoding = 4; lastKnownFileType = sourcecode.c.objc; path = SearhField.m; sourceTree = "<group>"; };
		56333BDF1AA978D1002B62AA /* MBProgressHUD+MJ.h */ = {isa = PBXFileReference; fileEncoding = 4; lastKnownFileType = sourcecode.c.h; path = "MBProgressHUD+MJ.h"; sourceTree = "<group>"; };
		56333BE01AA978D1002B62AA /* MBProgressHUD+MJ.m */ = {isa = PBXFileReference; fileEncoding = 4; lastKnownFileType = sourcecode.c.objc; path = "MBProgressHUD+MJ.m"; sourceTree = "<group>"; };
		56333BE11AA978D1002B62AA /* MBProgressHUD.bundle */ = {isa = PBXFileReference; lastKnownFileType = "wrapper.plug-in"; path = MBProgressHUD.bundle; sourceTree = "<group>"; };
		56333BE21AA978D1002B62AA /* MBProgressHUD.h */ = {isa = PBXFileReference; fileEncoding = 4; lastKnownFileType = sourcecode.c.h; path = MBProgressHUD.h; sourceTree = "<group>"; };
		56333BE31AA978D1002B62AA /* MBProgressHUD.m */ = {isa = PBXFileReference; fileEncoding = 4; lastKnownFileType = sourcecode.c.objc; path = MBProgressHUD.m; sourceTree = "<group>"; };
		56333BE81AA9A0A6002B62AA /* MJArgument.h */ = {isa = PBXFileReference; fileEncoding = 4; lastKnownFileType = sourcecode.c.h; path = MJArgument.h; sourceTree = "<group>"; };
		56333BE91AA9A0A6002B62AA /* MJArgument.m */ = {isa = PBXFileReference; fileEncoding = 4; lastKnownFileType = sourcecode.c.objc; path = MJArgument.m; sourceTree = "<group>"; };
		56333BEA1AA9A0A6002B62AA /* MJExtension.h */ = {isa = PBXFileReference; fileEncoding = 4; lastKnownFileType = sourcecode.c.h; path = MJExtension.h; sourceTree = "<group>"; };
		56333BEB1AA9A0A6002B62AA /* MJIvar.h */ = {isa = PBXFileReference; fileEncoding = 4; lastKnownFileType = sourcecode.c.h; path = MJIvar.h; sourceTree = "<group>"; };
		56333BEC1AA9A0A6002B62AA /* MJIvar.m */ = {isa = PBXFileReference; fileEncoding = 4; lastKnownFileType = sourcecode.c.objc; path = MJIvar.m; sourceTree = "<group>"; };
		56333BED1AA9A0A6002B62AA /* MJMember.h */ = {isa = PBXFileReference; fileEncoding = 4; lastKnownFileType = sourcecode.c.h; path = MJMember.h; sourceTree = "<group>"; };
		56333BEE1AA9A0A6002B62AA /* MJMember.m */ = {isa = PBXFileReference; fileEncoding = 4; lastKnownFileType = sourcecode.c.objc; path = MJMember.m; sourceTree = "<group>"; };
		56333BEF1AA9A0A6002B62AA /* MJMethod.h */ = {isa = PBXFileReference; fileEncoding = 4; lastKnownFileType = sourcecode.c.h; path = MJMethod.h; sourceTree = "<group>"; };
		56333BF01AA9A0A6002B62AA /* MJMethod.m */ = {isa = PBXFileReference; fileEncoding = 4; lastKnownFileType = sourcecode.c.objc; path = MJMethod.m; sourceTree = "<group>"; };
		56333BF11AA9A0A6002B62AA /* MJType.h */ = {isa = PBXFileReference; fileEncoding = 4; lastKnownFileType = sourcecode.c.h; path = MJType.h; sourceTree = "<group>"; };
		56333BF21AA9A0A6002B62AA /* MJType.m */ = {isa = PBXFileReference; fileEncoding = 4; lastKnownFileType = sourcecode.c.objc; path = MJType.m; sourceTree = "<group>"; };
		56333BF31AA9A0A6002B62AA /* MJTypeEncoding.h */ = {isa = PBXFileReference; fileEncoding = 4; lastKnownFileType = sourcecode.c.h; path = MJTypeEncoding.h; sourceTree = "<group>"; };
		56333BF41AA9A0A6002B62AA /* MJTypeEncoding.m */ = {isa = PBXFileReference; fileEncoding = 4; lastKnownFileType = sourcecode.c.objc; path = MJTypeEncoding.m; sourceTree = "<group>"; };
		56333BF51AA9A0A6002B62AA /* NSObject+MJCoding.h */ = {isa = PBXFileReference; fileEncoding = 4; lastKnownFileType = sourcecode.c.h; path = "NSObject+MJCoding.h"; sourceTree = "<group>"; };
		56333BF61AA9A0A6002B62AA /* NSObject+MJCoding.m */ = {isa = PBXFileReference; fileEncoding = 4; lastKnownFileType = sourcecode.c.objc; path = "NSObject+MJCoding.m"; sourceTree = "<group>"; };
		56333BF71AA9A0A6002B62AA /* NSObject+MJKeyValue.h */ = {isa = PBXFileReference; fileEncoding = 4; lastKnownFileType = sourcecode.c.h; path = "NSObject+MJKeyValue.h"; sourceTree = "<group>"; };
		56333BF81AA9A0A6002B62AA /* NSObject+MJKeyValue.m */ = {isa = PBXFileReference; fileEncoding = 4; lastKnownFileType = sourcecode.c.objc; path = "NSObject+MJKeyValue.m"; sourceTree = "<group>"; };
		56333BF91AA9A0A6002B62AA /* NSObject+MJMember.h */ = {isa = PBXFileReference; fileEncoding = 4; lastKnownFileType = sourcecode.c.h; path = "NSObject+MJMember.h"; sourceTree = "<group>"; };
		56333BFA1AA9A0A6002B62AA /* NSObject+MJMember.m */ = {isa = PBXFileReference; fileEncoding = 4; lastKnownFileType = sourcecode.c.objc; path = "NSObject+MJMember.m"; sourceTree = "<group>"; };
		56333BFC1AA9A0A6002B62AA /* MJRefresh.bundle */ = {isa = PBXFileReference; lastKnownFileType = "wrapper.plug-in"; path = MJRefresh.bundle; sourceTree = "<group>"; };
		56333BFD1AA9A0A6002B62AA /* MJRefresh.h */ = {isa = PBXFileReference; fileEncoding = 4; lastKnownFileType = sourcecode.c.h; path = MJRefresh.h; sourceTree = "<group>"; };
		56333BFE1AA9A0A6002B62AA /* MJRefreshBaseView.h */ = {isa = PBXFileReference; fileEncoding = 4; lastKnownFileType = sourcecode.c.h; path = MJRefreshBaseView.h; sourceTree = "<group>"; };
		56333BFF1AA9A0A6002B62AA /* MJRefreshBaseView.m */ = {isa = PBXFileReference; fileEncoding = 4; lastKnownFileType = sourcecode.c.objc; path = MJRefreshBaseView.m; sourceTree = "<group>"; };
		56333C001AA9A0A6002B62AA /* MJRefreshConst.h */ = {isa = PBXFileReference; fileEncoding = 4; lastKnownFileType = sourcecode.c.h; path = MJRefreshConst.h; sourceTree = "<group>"; };
		56333C011AA9A0A6002B62AA /* MJRefreshConst.m */ = {isa = PBXFileReference; fileEncoding = 4; lastKnownFileType = sourcecode.c.objc; path = MJRefreshConst.m; sourceTree = "<group>"; };
		56333C021AA9A0A6002B62AA /* MJRefreshFooterView.h */ = {isa = PBXFileReference; fileEncoding = 4; lastKnownFileType = sourcecode.c.h; path = MJRefreshFooterView.h; sourceTree = "<group>"; };
		56333C031AA9A0A6002B62AA /* MJRefreshFooterView.m */ = {isa = PBXFileReference; fileEncoding = 4; lastKnownFileType = sourcecode.c.objc; path = MJRefreshFooterView.m; sourceTree = "<group>"; };
		56333C041AA9A0A6002B62AA /* MJRefreshHeaderView.h */ = {isa = PBXFileReference; fileEncoding = 4; lastKnownFileType = sourcecode.c.h; path = MJRefreshHeaderView.h; sourceTree = "<group>"; };
		56333C051AA9A0A6002B62AA /* MJRefreshHeaderView.m */ = {isa = PBXFileReference; fileEncoding = 4; lastKnownFileType = sourcecode.c.objc; path = MJRefreshHeaderView.m; sourceTree = "<group>"; };
		56333C071AA9A0A6002B62AA /* MKAnnotationView+WebCache.h */ = {isa = PBXFileReference; fileEncoding = 4; lastKnownFileType = sourcecode.c.h; path = "MKAnnotationView+WebCache.h"; sourceTree = "<group>"; };
		56333C081AA9A0A6002B62AA /* MKAnnotationView+WebCache.m */ = {isa = PBXFileReference; fileEncoding = 4; lastKnownFileType = sourcecode.c.objc; path = "MKAnnotationView+WebCache.m"; sourceTree = "<group>"; };
		56333C091AA9A0A6002B62AA /* NSData+ImageContentType.h */ = {isa = PBXFileReference; fileEncoding = 4; lastKnownFileType = sourcecode.c.h; path = "NSData+ImageContentType.h"; sourceTree = "<group>"; };
		56333C0A1AA9A0A6002B62AA /* NSData+ImageContentType.m */ = {isa = PBXFileReference; fileEncoding = 4; lastKnownFileType = sourcecode.c.objc; path = "NSData+ImageContentType.m"; sourceTree = "<group>"; };
		56333C0B1AA9A0A6002B62AA /* SDImageCache.h */ = {isa = PBXFileReference; fileEncoding = 4; lastKnownFileType = sourcecode.c.h; path = SDImageCache.h; sourceTree = "<group>"; };
		56333C0C1AA9A0A6002B62AA /* SDImageCache.m */ = {isa = PBXFileReference; fileEncoding = 4; lastKnownFileType = sourcecode.c.objc; path = SDImageCache.m; sourceTree = "<group>"; };
		56333C0D1AA9A0A6002B62AA /* SDWebImageCompat.h */ = {isa = PBXFileReference; fileEncoding = 4; lastKnownFileType = sourcecode.c.h; path = SDWebImageCompat.h; sourceTree = "<group>"; };
		56333C0E1AA9A0A6002B62AA /* SDWebImageCompat.m */ = {isa = PBXFileReference; fileEncoding = 4; lastKnownFileType = sourcecode.c.objc; path = SDWebImageCompat.m; sourceTree = "<group>"; };
		56333C0F1AA9A0A6002B62AA /* SDWebImageDecoder.h */ = {isa = PBXFileReference; fileEncoding = 4; lastKnownFileType = sourcecode.c.h; path = SDWebImageDecoder.h; sourceTree = "<group>"; };
		56333C101AA9A0A6002B62AA /* SDWebImageDecoder.m */ = {isa = PBXFileReference; fileEncoding = 4; lastKnownFileType = sourcecode.c.objc; path = SDWebImageDecoder.m; sourceTree = "<group>"; };
		56333C111AA9A0A6002B62AA /* SDWebImageDownloader.h */ = {isa = PBXFileReference; fileEncoding = 4; lastKnownFileType = sourcecode.c.h; path = SDWebImageDownloader.h; sourceTree = "<group>"; };
		56333C121AA9A0A6002B62AA /* SDWebImageDownloader.m */ = {isa = PBXFileReference; fileEncoding = 4; lastKnownFileType = sourcecode.c.objc; path = SDWebImageDownloader.m; sourceTree = "<group>"; };
		56333C131AA9A0A6002B62AA /* SDWebImageDownloaderOperation.h */ = {isa = PBXFileReference; fileEncoding = 4; lastKnownFileType = sourcecode.c.h; path = SDWebImageDownloaderOperation.h; sourceTree = "<group>"; };
		56333C141AA9A0A6002B62AA /* SDWebImageDownloaderOperation.m */ = {isa = PBXFileReference; fileEncoding = 4; lastKnownFileType = sourcecode.c.objc; path = SDWebImageDownloaderOperation.m; sourceTree = "<group>"; };
		56333C151AA9A0A6002B62AA /* SDWebImageManager.h */ = {isa = PBXFileReference; fileEncoding = 4; lastKnownFileType = sourcecode.c.h; path = SDWebImageManager.h; sourceTree = "<group>"; };
		56333C161AA9A0A6002B62AA /* SDWebImageManager.m */ = {isa = PBXFileReference; fileEncoding = 4; lastKnownFileType = sourcecode.c.objc; path = SDWebImageManager.m; sourceTree = "<group>"; };
		56333C171AA9A0A6002B62AA /* SDWebImageOperation.h */ = {isa = PBXFileReference; fileEncoding = 4; lastKnownFileType = sourcecode.c.h; path = SDWebImageOperation.h; sourceTree = "<group>"; };
		56333C181AA9A0A6002B62AA /* SDWebImagePrefetcher.h */ = {isa = PBXFileReference; fileEncoding = 4; lastKnownFileType = sourcecode.c.h; path = SDWebImagePrefetcher.h; sourceTree = "<group>"; };
		56333C191AA9A0A6002B62AA /* SDWebImagePrefetcher.m */ = {isa = PBXFileReference; fileEncoding = 4; lastKnownFileType = sourcecode.c.objc; path = SDWebImagePrefetcher.m; sourceTree = "<group>"; };
		56333C1A1AA9A0A6002B62AA /* UIButton+WebCache.h */ = {isa = PBXFileReference; fileEncoding = 4; lastKnownFileType = sourcecode.c.h; path = "UIButton+WebCache.h"; sourceTree = "<group>"; };
		56333C1B1AA9A0A6002B62AA /* UIButton+WebCache.m */ = {isa = PBXFileReference; fileEncoding = 4; lastKnownFileType = sourcecode.c.objc; path = "UIButton+WebCache.m"; sourceTree = "<group>"; };
		56333C1C1AA9A0A6002B62AA /* UIImage+GIF.h */ = {isa = PBXFileReference; fileEncoding = 4; lastKnownFileType = sourcecode.c.h; path = "UIImage+GIF.h"; sourceTree = "<group>"; };
		56333C1D1AA9A0A6002B62AA /* UIImage+GIF.m */ = {isa = PBXFileReference; fileEncoding = 4; lastKnownFileType = sourcecode.c.objc; path = "UIImage+GIF.m"; sourceTree = "<group>"; };
		56333C1E1AA9A0A6002B62AA /* UIImage+MultiFormat.h */ = {isa = PBXFileReference; fileEncoding = 4; lastKnownFileType = sourcecode.c.h; path = "UIImage+MultiFormat.h"; sourceTree = "<group>"; };
		56333C1F1AA9A0A6002B62AA /* UIImage+MultiFormat.m */ = {isa = PBXFileReference; fileEncoding = 4; lastKnownFileType = sourcecode.c.objc; path = "UIImage+MultiFormat.m"; sourceTree = "<group>"; };
		56333C201AA9A0A6002B62AA /* UIImage+WebP.h */ = {isa = PBXFileReference; fileEncoding = 4; lastKnownFileType = sourcecode.c.h; path = "UIImage+WebP.h"; sourceTree = "<group>"; };
		56333C211AA9A0A6002B62AA /* UIImage+WebP.m */ = {isa = PBXFileReference; fileEncoding = 4; lastKnownFileType = sourcecode.c.objc; path = "UIImage+WebP.m"; sourceTree = "<group>"; };
		56333C221AA9A0A6002B62AA /* UIImageView+WebCache.h */ = {isa = PBXFileReference; fileEncoding = 4; lastKnownFileType = sourcecode.c.h; path = "UIImageView+WebCache.h"; sourceTree = "<group>"; };
		56333C231AA9A0A6002B62AA /* UIImageView+WebCache.m */ = {isa = PBXFileReference; fileEncoding = 4; lastKnownFileType = sourcecode.c.objc; path = "UIImageView+WebCache.m"; sourceTree = "<group>"; };
		56333C401AA9A172002B62AA /* Status.h */ = {isa = PBXFileReference; fileEncoding = 4; lastKnownFileType = sourcecode.c.h; path = Status.h; sourceTree = "<group>"; };
		56333C411AA9A172002B62AA /* Status.m */ = {isa = PBXFileReference; fileEncoding = 4; lastKnownFileType = sourcecode.c.objc; path = Status.m; sourceTree = "<group>"; };
		56333C431AA9A182002B62AA /* User.h */ = {isa = PBXFileReference; fileEncoding = 4; lastKnownFileType = sourcecode.c.h; path = User.h; sourceTree = "<group>"; };
		56333C441AA9A182002B62AA /* User.m */ = {isa = PBXFileReference; fileEncoding = 4; lastKnownFileType = sourcecode.c.objc; path = User.m; sourceTree = "<group>"; };
		56348CE81AA453F000D30E0D /* MyWeibo.app */ = {isa = PBXFileReference; explicitFileType = wrapper.application; includeInIndex = 0; path = MyWeibo.app; sourceTree = BUILT_PRODUCTS_DIR; };
		56348CEB1AA453F000D30E0D /* Foundation.framework */ = {isa = PBXFileReference; lastKnownFileType = wrapper.framework; name = Foundation.framework; path = System/Library/Frameworks/Foundation.framework; sourceTree = SDKROOT; };
		56348CED1AA453F000D30E0D /* CoreGraphics.framework */ = {isa = PBXFileReference; lastKnownFileType = wrapper.framework; name = CoreGraphics.framework; path = System/Library/Frameworks/CoreGraphics.framework; sourceTree = SDKROOT; };
		56348CEF1AA453F000D30E0D /* UIKit.framework */ = {isa = PBXFileReference; lastKnownFileType = wrapper.framework; name = UIKit.framework; path = System/Library/Frameworks/UIKit.framework; sourceTree = SDKROOT; };
		56348CF31AA453F000D30E0D /* MyWeibo-Info.plist */ = {isa = PBXFileReference; lastKnownFileType = text.plist.xml; path = "MyWeibo-Info.plist"; sourceTree = "<group>"; };
		56348CF51AA453F000D30E0D /* en */ = {isa = PBXFileReference; lastKnownFileType = text.plist.strings; name = en; path = en.lproj/InfoPlist.strings; sourceTree = "<group>"; };
		56348CF71AA453F000D30E0D /* main.m */ = {isa = PBXFileReference; lastKnownFileType = sourcecode.c.objc; path = main.m; sourceTree = "<group>"; };
		56348CF91AA453F000D30E0D /* MyWeibo-Prefix.pch */ = {isa = PBXFileReference; lastKnownFileType = sourcecode.c.h; path = "MyWeibo-Prefix.pch"; sourceTree = "<group>"; };
		56348CFA1AA453F000D30E0D /* AppDelegate.h */ = {isa = PBXFileReference; lastKnownFileType = sourcecode.c.h; path = AppDelegate.h; sourceTree = "<group>"; };
		56348CFB1AA453F000D30E0D /* AppDelegate.m */ = {isa = PBXFileReference; lastKnownFileType = sourcecode.c.objc; path = AppDelegate.m; sourceTree = "<group>"; };
		56348CFD1AA453F000D30E0D /* Images.xcassets */ = {isa = PBXFileReference; lastKnownFileType = folder.assetcatalog; path = Images.xcassets; sourceTree = "<group>"; };
		56348D031AA453F000D30E0D /* MyWeiboTests.xctest */ = {isa = PBXFileReference; explicitFileType = wrapper.cfbundle; includeInIndex = 0; path = MyWeiboTests.xctest; sourceTree = BUILT_PRODUCTS_DIR; };
		56348D041AA453F000D30E0D /* XCTest.framework */ = {isa = PBXFileReference; lastKnownFileType = wrapper.framework; name = XCTest.framework; path = Library/Frameworks/XCTest.framework; sourceTree = DEVELOPER_DIR; };
		56348D0C1AA453F000D30E0D /* MyWeiboTests-Info.plist */ = {isa = PBXFileReference; lastKnownFileType = text.plist.xml; path = "MyWeiboTests-Info.plist"; sourceTree = "<group>"; };
		56348D0E1AA453F000D30E0D /* en */ = {isa = PBXFileReference; lastKnownFileType = text.plist.strings; name = en; path = en.lproj/InfoPlist.strings; sourceTree = "<group>"; };
		56348D101AA453F000D30E0D /* MyWeiboTests.m */ = {isa = PBXFileReference; lastKnownFileType = sourcecode.c.objc; path = MyWeiboTests.m; sourceTree = "<group>"; };
		566331C41AA5EA9800D43BF9 /* BadgeButton.h */ = {isa = PBXFileReference; fileEncoding = 4; lastKnownFileType = sourcecode.c.h; path = BadgeButton.h; sourceTree = "<group>"; };
		566331C51AA5EA9800D43BF9 /* BadgeButton.m */ = {isa = PBXFileReference; fileEncoding = 4; lastKnownFileType = sourcecode.c.objc; path = BadgeButton.m; sourceTree = "<group>"; };
		56A758DD1AA5607500EB96AD /* DiscoverController.h */ = {isa = PBXFileReference; fileEncoding = 4; lastKnownFileType = sourcecode.c.h; path = DiscoverController.h; sourceTree = "<group>"; };
		56A758DE1AA5607500EB96AD /* DiscoverController.m */ = {isa = PBXFileReference; fileEncoding = 4; lastKnownFileType = sourcecode.c.objc; path = DiscoverController.m; sourceTree = "<group>"; };
		56A758E31AA5607500EB96AD /* HomeController.h */ = {isa = PBXFileReference; fileEncoding = 4; lastKnownFileType = sourcecode.c.h; path = HomeController.h; sourceTree = "<group>"; };
		56A758E41AA5607500EB96AD /* HomeController.m */ = {isa = PBXFileReference; fileEncoding = 4; lastKnownFileType = sourcecode.c.objc; path = HomeController.m; sourceTree = "<group>"; };
		56A758E91AA5607500EB96AD /* CustomTabBarController.h */ = {isa = PBXFileReference; fileEncoding = 4; lastKnownFileType = sourcecode.c.h; path = CustomTabBarController.h; sourceTree = "<group>"; };
		56A758EA1AA5607500EB96AD /* CustomTabBarController.m */ = {isa = PBXFileReference; fileEncoding = 4; lastKnownFileType = sourcecode.c.objc; path = CustomTabBarController.m; sourceTree = "<group>"; };
		56A758EF1AA5607500EB96AD /* MeController.h */ = {isa = PBXFileReference; fileEncoding = 4; lastKnownFileType = sourcecode.c.h; path = MeController.h; sourceTree = "<group>"; };
		56A758F01AA5607500EB96AD /* MeController.m */ = {isa = PBXFileReference; fileEncoding = 4; lastKnownFileType = sourcecode.c.objc; path = MeController.m; sourceTree = "<group>"; };
		56A758F51AA5607500EB96AD /* MessageController.h */ = {isa = PBXFileReference; fileEncoding = 4; lastKnownFileType = sourcecode.c.h; path = MessageController.h; sourceTree = "<group>"; };
		56A758F61AA5607500EB96AD /* MessageController.m */ = {isa = PBXFileReference; fileEncoding = 4; lastKnownFileType = sourcecode.c.objc; path = MessageController.m; sourceTree = "<group>"; };
		56A759031AA571FF00EB96AD /* UIImage+Custom.h */ = {isa = PBXFileReference; fileEncoding = 4; lastKnownFileType = sourcecode.c.h; path = "UIImage+Custom.h"; sourceTree = "<group>"; };
		56A759041AA571FF00EB96AD /* UIImage+Custom.m */ = {isa = PBXFileReference; fileEncoding = 4; lastKnownFileType = sourcecode.c.objc; path = "UIImage+Custom.m"; sourceTree = "<group>"; };
		56A7590B1AA5829300EB96AD /* CustomTabBar.h */ = {isa = PBXFileReference; fileEncoding = 4; lastKnownFileType = sourcecode.c.h; path = CustomTabBar.h; sourceTree = "<group>"; };
		56A7590C1AA5829300EB96AD /* CustomTabBar.m */ = {isa = PBXFileReference; fileEncoding = 4; lastKnownFileType = sourcecode.c.objc; path = CustomTabBar.m; sourceTree = "<group>"; };
		56A7590E1AA5955A00EB96AD /* TabBarButton.h */ = {isa = PBXFileReference; fileEncoding = 4; lastKnownFileType = sourcecode.c.h; path = TabBarButton.h; sourceTree = "<group>"; };
		56A7590F1AA5955A00EB96AD /* TabBarButton.m */ = {isa = PBXFileReference; fileEncoding = 4; lastKnownFileType = sourcecode.c.objc; path = TabBarButton.m; sourceTree = "<group>"; };
		56A759111AA6D22F00EB96AD /* CustomNavigationController.h */ = {isa = PBXFileReference; fileEncoding = 4; lastKnownFileType = sourcecode.c.h; path = CustomNavigationController.h; sourceTree = "<group>"; };
		56A759121AA6D22F00EB96AD /* CustomNavigationController.m */ = {isa = PBXFileReference; fileEncoding = 4; lastKnownFileType = sourcecode.c.objc; path = CustomNavigationController.m; sourceTree = "<group>"; };
		56A759171AA7038100EB96AD /* UIBarButtonItem+Custom.h */ = {isa = PBXFileReference; fileEncoding = 4; lastKnownFileType = sourcecode.c.h; path = "UIBarButtonItem+Custom.h"; sourceTree = "<group>"; };
		56A759181AA7038100EB96AD /* UIBarButtonItem+Custom.m */ = {isa = PBXFileReference; fileEncoding = 4; lastKnownFileType = sourcecode.c.objc; path = "UIBarButtonItem+Custom.m"; sourceTree = "<group>"; };
		56A7591D1AA7EE5500EB96AD /* NewFeatureController.h */ = {isa = PBXFileReference; fileEncoding = 4; lastKnownFileType = sourcecode.c.h; path = NewFeatureController.h; sourceTree = "<group>"; };
		56A7591E1AA7EE5500EB96AD /* NewFeatureController.m */ = {isa = PBXFileReference; fileEncoding = 4; lastKnownFileType = sourcecode.c.objc; path = NewFeatureController.m; sourceTree = "<group>"; };
		56A759211AA96CC900EB96AD /* OAuthInfo.h */ = {isa = PBXFileReference; fileEncoding = 4; lastKnownFileType = sourcecode.c.h; path = OAuthInfo.h; sourceTree = "<group>"; };
		56A759221AA96D2600EB96AD /* Util.h */ = {isa = PBXFileReference; fileEncoding = 4; lastKnownFileType = sourcecode.c.h; path = Util.h; sourceTree = "<group>"; };
		56A759231AA96D2600EB96AD /* Util.m */ = {isa = PBXFileReference; fileEncoding = 4; lastKnownFileType = sourcecode.c.objc; path = Util.m; sourceTree = "<group>"; };
		56C2CB441AA74AEE0009480B /* ButtonWithRightIcon.h */ = {isa = PBXFileReference; fileEncoding = 4; lastKnownFileType = sourcecode.c.h; path = ButtonWithRightIcon.h; sourceTree = "<group>"; };
		56C2CB451AA74AEE0009480B /* ButtonWithRightIcon.m */ = {isa = PBXFileReference; fileEncoding = 4; lastKnownFileType = sourcecode.c.objc; path = ButtonWithRightIcon.m; sourceTree = "<group>"; };
		56C9BB641AA88DAF003DDE13 /* LoginController.h */ = {isa = PBXFileReference; fileEncoding = 4; lastKnownFileType = sourcecode.c.h; path = LoginController.h; sourceTree = "<group>"; };
		56C9BB651AA88DAF003DDE13 /* LoginController.m */ = {isa = PBXFileReference; fileEncoding = 4; lastKnownFileType = sourcecode.c.objc; path = LoginController.m; sourceTree = "<group>"; };
		56C9BB881AA8A04C003DDE13 /* AFHTTPRequestOperation.h */ = {isa = PBXFileReference; fileEncoding = 4; lastKnownFileType = sourcecode.c.h; path = AFHTTPRequestOperation.h; sourceTree = "<group>"; };
		56C9BB891AA8A04C003DDE13 /* AFHTTPRequestOperation.m */ = {isa = PBXFileReference; fileEncoding = 4; lastKnownFileType = sourcecode.c.objc; path = AFHTTPRequestOperation.m; sourceTree = "<group>"; };
		56C9BB8A1AA8A04C003DDE13 /* AFHTTPRequestOperationManager.h */ = {isa = PBXFileReference; fileEncoding = 4; lastKnownFileType = sourcecode.c.h; path = AFHTTPRequestOperationManager.h; sourceTree = "<group>"; };
		56C9BB8B1AA8A04C003DDE13 /* AFHTTPRequestOperationManager.m */ = {isa = PBXFileReference; fileEncoding = 4; lastKnownFileType = sourcecode.c.objc; path = AFHTTPRequestOperationManager.m; sourceTree = "<group>"; };
		56C9BB8C1AA8A04C003DDE13 /* AFHTTPSessionManager.h */ = {isa = PBXFileReference; fileEncoding = 4; lastKnownFileType = sourcecode.c.h; path = AFHTTPSessionManager.h; sourceTree = "<group>"; };
		56C9BB8D1AA8A04C003DDE13 /* AFHTTPSessionManager.m */ = {isa = PBXFileReference; fileEncoding = 4; lastKnownFileType = sourcecode.c.objc; path = AFHTTPSessionManager.m; sourceTree = "<group>"; };
		56C9BB8E1AA8A04C003DDE13 /* AFNetworking.h */ = {isa = PBXFileReference; fileEncoding = 4; lastKnownFileType = sourcecode.c.h; path = AFNetworking.h; sourceTree = "<group>"; };
		56C9BB8F1AA8A04C003DDE13 /* AFNetworkReachabilityManager.h */ = {isa = PBXFileReference; fileEncoding = 4; lastKnownFileType = sourcecode.c.h; path = AFNetworkReachabilityManager.h; sourceTree = "<group>"; };
		56C9BB901AA8A04C003DDE13 /* AFNetworkReachabilityManager.m */ = {isa = PBXFileReference; fileEncoding = 4; lastKnownFileType = sourcecode.c.objc; path = AFNetworkReachabilityManager.m; sourceTree = "<group>"; };
		56C9BB911AA8A04C003DDE13 /* AFSecurityPolicy.h */ = {isa = PBXFileReference; fileEncoding = 4; lastKnownFileType = sourcecode.c.h; path = AFSecurityPolicy.h; sourceTree = "<group>"; };
		56C9BB921AA8A04C003DDE13 /* AFSecurityPolicy.m */ = {isa = PBXFileReference; fileEncoding = 4; lastKnownFileType = sourcecode.c.objc; path = AFSecurityPolicy.m; sourceTree = "<group>"; };
		56C9BB931AA8A04C003DDE13 /* AFURLConnectionOperation.h */ = {isa = PBXFileReference; fileEncoding = 4; lastKnownFileType = sourcecode.c.h; path = AFURLConnectionOperation.h; sourceTree = "<group>"; };
		56C9BB941AA8A04C003DDE13 /* AFURLConnectionOperation.m */ = {isa = PBXFileReference; fileEncoding = 4; lastKnownFileType = sourcecode.c.objc; path = AFURLConnectionOperation.m; sourceTree = "<group>"; };
		56C9BB951AA8A04C003DDE13 /* AFURLRequestSerialization.h */ = {isa = PBXFileReference; fileEncoding = 4; lastKnownFileType = sourcecode.c.h; path = AFURLRequestSerialization.h; sourceTree = "<group>"; };
		56C9BB961AA8A04C003DDE13 /* AFURLRequestSerialization.m */ = {isa = PBXFileReference; fileEncoding = 4; lastKnownFileType = sourcecode.c.objc; path = AFURLRequestSerialization.m; sourceTree = "<group>"; };
		56C9BB971AA8A04C003DDE13 /* AFURLResponseSerialization.h */ = {isa = PBXFileReference; fileEncoding = 4; lastKnownFileType = sourcecode.c.h; path = AFURLResponseSerialization.h; sourceTree = "<group>"; };
		56C9BB981AA8A04C003DDE13 /* AFURLResponseSerialization.m */ = {isa = PBXFileReference; fileEncoding = 4; lastKnownFileType = sourcecode.c.objc; path = AFURLResponseSerialization.m; sourceTree = "<group>"; };
		56C9BB991AA8A04C003DDE13 /* AFURLSessionManager.h */ = {isa = PBXFileReference; fileEncoding = 4; lastKnownFileType = sourcecode.c.h; path = AFURLSessionManager.h; sourceTree = "<group>"; };
		56C9BB9A1AA8A04C003DDE13 /* AFURLSessionManager.m */ = {isa = PBXFileReference; fileEncoding = 4; lastKnownFileType = sourcecode.c.objc; path = AFURLSessionManager.m; sourceTree = "<group>"; };
		56C9BBA51AA8A2F3003DDE13 /* Account.h */ = {isa = PBXFileReference; fileEncoding = 4; lastKnownFileType = sourcecode.c.h; path = Account.h; sourceTree = "<group>"; };
		56C9BBA61AA8A2F3003DDE13 /* Account.m */ = {isa = PBXFileReference; fileEncoding = 4; lastKnownFileType = sourcecode.c.objc; path = Account.m; sourceTree = "<group>"; };
/* End PBXFileReference section */

/* Begin PBXFrameworksBuildPhase section */
		56348CE51AA453F000D30E0D /* Frameworks */ = {
			isa = PBXFrameworksBuildPhase;
			buildActionMask = 2147483647;
			files = (
				56348CEE1AA453F000D30E0D /* CoreGraphics.framework in Frameworks */,
				56348CF01AA453F000D30E0D /* UIKit.framework in Frameworks */,
				56348CEC1AA453F000D30E0D /* Foundation.framework in Frameworks */,
			);
			runOnlyForDeploymentPostprocessing = 0;
		};
		56348D001AA453F000D30E0D /* Frameworks */ = {
			isa = PBXFrameworksBuildPhase;
			buildActionMask = 2147483647;
			files = (
				56348D051AA453F000D30E0D /* XCTest.framework in Frameworks */,
				56348D071AA453F000D30E0D /* UIKit.framework in Frameworks */,
				56348D061AA453F000D30E0D /* Foundation.framework in Frameworks */,
			);
			runOnlyForDeploymentPostprocessing = 0;
		};
/* End PBXFrameworksBuildPhase section */

/* Begin PBXGroup section */
		56333BDE1AA978D1002B62AA /* MBProgressHUD */ = {
			isa = PBXGroup;
			children = (
				56333BDF1AA978D1002B62AA /* MBProgressHUD+MJ.h */,
				56333BE01AA978D1002B62AA /* MBProgressHUD+MJ.m */,
				56333BE11AA978D1002B62AA /* MBProgressHUD.bundle */,
				56333BE21AA978D1002B62AA /* MBProgressHUD.h */,
				56333BE31AA978D1002B62AA /* MBProgressHUD.m */,
			);
			path = MBProgressHUD;
			sourceTree = "<group>";
		};
		56333BE71AA9A0A6002B62AA /* MJExtension */ = {
			isa = PBXGroup;
			children = (
				56333BE81AA9A0A6002B62AA /* MJArgument.h */,
				56333BE91AA9A0A6002B62AA /* MJArgument.m */,
				56333BEA1AA9A0A6002B62AA /* MJExtension.h */,
				56333BEB1AA9A0A6002B62AA /* MJIvar.h */,
				56333BEC1AA9A0A6002B62AA /* MJIvar.m */,
				56333BED1AA9A0A6002B62AA /* MJMember.h */,
				56333BEE1AA9A0A6002B62AA /* MJMember.m */,
				56333BEF1AA9A0A6002B62AA /* MJMethod.h */,
				56333BF01AA9A0A6002B62AA /* MJMethod.m */,
				56333BF11AA9A0A6002B62AA /* MJType.h */,
				56333BF21AA9A0A6002B62AA /* MJType.m */,
				56333BF31AA9A0A6002B62AA /* MJTypeEncoding.h */,
				56333BF41AA9A0A6002B62AA /* MJTypeEncoding.m */,
				56333BF51AA9A0A6002B62AA /* NSObject+MJCoding.h */,
				56333BF61AA9A0A6002B62AA /* NSObject+MJCoding.m */,
				56333BF71AA9A0A6002B62AA /* NSObject+MJKeyValue.h */,
				56333BF81AA9A0A6002B62AA /* NSObject+MJKeyValue.m */,
				56333BF91AA9A0A6002B62AA /* NSObject+MJMember.h */,
				56333BFA1AA9A0A6002B62AA /* NSObject+MJMember.m */,
			);
			path = MJExtension;
			sourceTree = "<group>";
		};
		56333BFB1AA9A0A6002B62AA /* MJRefresh */ = {
			isa = PBXGroup;
			children = (
				56333BFC1AA9A0A6002B62AA /* MJRefresh.bundle */,
				56333BFD1AA9A0A6002B62AA /* MJRefresh.h */,
				56333BFE1AA9A0A6002B62AA /* MJRefreshBaseView.h */,
				56333BFF1AA9A0A6002B62AA /* MJRefreshBaseView.m */,
				56333C001AA9A0A6002B62AA /* MJRefreshConst.h */,
				56333C011AA9A0A6002B62AA /* MJRefreshConst.m */,
				56333C021AA9A0A6002B62AA /* MJRefreshFooterView.h */,
				56333C031AA9A0A6002B62AA /* MJRefreshFooterView.m */,
				56333C041AA9A0A6002B62AA /* MJRefreshHeaderView.h */,
				56333C051AA9A0A6002B62AA /* MJRefreshHeaderView.m */,
			);
			path = MJRefresh;
			sourceTree = "<group>";
		};
		56333C061AA9A0A6002B62AA /* SDWebImage */ = {
			isa = PBXGroup;
			children = (
				56333C071AA9A0A6002B62AA /* MKAnnotationView+WebCache.h */,
				56333C081AA9A0A6002B62AA /* MKAnnotationView+WebCache.m */,
				56333C091AA9A0A6002B62AA /* NSData+ImageContentType.h */,
				56333C0A1AA9A0A6002B62AA /* NSData+ImageContentType.m */,
				56333C0B1AA9A0A6002B62AA /* SDImageCache.h */,
				56333C0C1AA9A0A6002B62AA /* SDImageCache.m */,
				56333C0D1AA9A0A6002B62AA /* SDWebImageCompat.h */,
				56333C0E1AA9A0A6002B62AA /* SDWebImageCompat.m */,
				56333C0F1AA9A0A6002B62AA /* SDWebImageDecoder.h */,
				56333C101AA9A0A6002B62AA /* SDWebImageDecoder.m */,
				56333C111AA9A0A6002B62AA /* SDWebImageDownloader.h */,
				56333C121AA9A0A6002B62AA /* SDWebImageDownloader.m */,
				56333C131AA9A0A6002B62AA /* SDWebImageDownloaderOperation.h */,
				56333C141AA9A0A6002B62AA /* SDWebImageDownloaderOperation.m */,
				56333C151AA9A0A6002B62AA /* SDWebImageManager.h */,
				56333C161AA9A0A6002B62AA /* SDWebImageManager.m */,
				56333C171AA9A0A6002B62AA /* SDWebImageOperation.h */,
				56333C181AA9A0A6002B62AA /* SDWebImagePrefetcher.h */,
				56333C191AA9A0A6002B62AA /* SDWebImagePrefetcher.m */,
				56333C1A1AA9A0A6002B62AA /* UIButton+WebCache.h */,
				56333C1B1AA9A0A6002B62AA /* UIButton+WebCache.m */,
				56333C1C1AA9A0A6002B62AA /* UIImage+GIF.h */,
				56333C1D1AA9A0A6002B62AA /* UIImage+GIF.m */,
				56333C1E1AA9A0A6002B62AA /* UIImage+MultiFormat.h */,
				56333C1F1AA9A0A6002B62AA /* UIImage+MultiFormat.m */,
				56333C201AA9A0A6002B62AA /* UIImage+WebP.h */,
				56333C211AA9A0A6002B62AA /* UIImage+WebP.m */,
				56333C221AA9A0A6002B62AA /* UIImageView+WebCache.h */,
				56333C231AA9A0A6002B62AA /* UIImageView+WebCache.m */,
			);
			path = SDWebImage;
			sourceTree = "<group>";
		};
		56348CDF1AA453F000D30E0D = {
			isa = PBXGroup;
			children = (
				56348CF11AA453F000D30E0D /* MyWeibo */,
				56348D0A1AA453F000D30E0D /* MyWeiboTests */,
				56348CEA1AA453F000D30E0D /* Frameworks */,
				56348CE91AA453F000D30E0D /* Products */,
			);
			sourceTree = "<group>";
		};
		56348CE91AA453F000D30E0D /* Products */ = {
			isa = PBXGroup;
			children = (
				56348CE81AA453F000D30E0D /* MyWeibo.app */,
				56348D031AA453F000D30E0D /* MyWeiboTests.xctest */,
			);
			name = Products;
			sourceTree = "<group>";
		};
		56348CEA1AA453F000D30E0D /* Frameworks */ = {
			isa = PBXGroup;
			children = (
				56348CEB1AA453F000D30E0D /* Foundation.framework */,
				56348CED1AA453F000D30E0D /* CoreGraphics.framework */,
				56348CEF1AA453F000D30E0D /* UIKit.framework */,
				56348D041AA453F000D30E0D /* XCTest.framework */,
			);
			name = Frameworks;
			sourceTree = "<group>";
		};
		56348CF11AA453F000D30E0D /* MyWeibo */ = {
			isa = PBXGroup;
			children = (
				56A758DA1AA5607500EB96AD /* Classes */,
				56348CFA1AA453F000D30E0D /* AppDelegate.h */,
				56348CFB1AA453F000D30E0D /* AppDelegate.m */,
				56348CFD1AA453F000D30E0D /* Images.xcassets */,
				56348CF21AA453F000D30E0D /* Supporting Files */,
			);
			path = MyWeibo;
			sourceTree = "<group>";
		};
		56348CF21AA453F000D30E0D /* Supporting Files */ = {
			isa = PBXGroup;
			children = (
				56348CF31AA453F000D30E0D /* MyWeibo-Info.plist */,
				56348CF41AA453F000D30E0D /* InfoPlist.strings */,
				56348CF71AA453F000D30E0D /* main.m */,
				56348CF91AA453F000D30E0D /* MyWeibo-Prefix.pch */,
			);
			name = "Supporting Files";
			sourceTree = "<group>";
		};
		56348D0A1AA453F000D30E0D /* MyWeiboTests */ = {
			isa = PBXGroup;
			children = (
				56348D101AA453F000D30E0D /* MyWeiboTests.m */,
				56348D0B1AA453F000D30E0D /* Supporting Files */,
			);
			path = MyWeiboTests;
			sourceTree = "<group>";
		};
		56348D0B1AA453F000D30E0D /* Supporting Files */ = {
			isa = PBXGroup;
			children = (
				56348D0C1AA453F000D30E0D /* MyWeiboTests-Info.plist */,
				56348D0D1AA453F000D30E0D /* InfoPlist.strings */,
			);
			name = "Supporting Files";
			sourceTree = "<group>";
		};
		56A758DA1AA5607500EB96AD /* Classes */ = {
			isa = PBXGroup;
			children = (
				56C9BB621AA88D19003DDE13 /* OAuth */,
				56A758DB1AA5607500EB96AD /* Discover */,
				56A758E11AA5607500EB96AD /* Home */,
				56A758E71AA5607500EB96AD /* Main */,
				56A758ED1AA5607500EB96AD /* Me */,
				56A758F31AA5607500EB96AD /* Message */,
				56A758F91AA5607500EB96AD /* Others */,
			);
			path = Classes;
			sourceTree = "<group>";
		};
		56A758DB1AA5607500EB96AD /* Discover */ = {
			isa = PBXGroup;
			children = (
				56A758DC1AA5607500EB96AD /* Controller */,
				56A758DF1AA5607500EB96AD /* Model */,
				56A758E01AA5607500EB96AD /* View */,
			);
			path = Discover;
			sourceTree = "<group>";
		};
		56A758DC1AA5607500EB96AD /* Controller */ = {
			isa = PBXGroup;
			children = (
				56A758DD1AA5607500EB96AD /* DiscoverController.h */,
				56A758DE1AA5607500EB96AD /* DiscoverController.m */,
			);
			path = Controller;
			sourceTree = "<group>";
		};
		56A758DF1AA5607500EB96AD /* Model */ = {
			isa = PBXGroup;
			children = (
			);
			path = Model;
			sourceTree = "<group>";
		};
		56A758E01AA5607500EB96AD /* View */ = {
			isa = PBXGroup;
			children = (
				560F6F3E1AAD732F002EDE1B /* SearhField.h */,
				560F6F3F1AAD732F002EDE1B /* SearhField.m */,
			);
			path = View;
			sourceTree = "<group>";
		};
		56A758E11AA5607500EB96AD /* Home */ = {
			isa = PBXGroup;
			children = (
				56A758E21AA5607500EB96AD /* Controller */,
				56A758E51AA5607500EB96AD /* Model */,
				56A758E61AA5607500EB96AD /* View */,
			);
			path = Home;
			sourceTree = "<group>";
		};
		56A758E21AA5607500EB96AD /* Controller */ = {
			isa = PBXGroup;
			children = (
				56A758E31AA5607500EB96AD /* HomeController.h */,
				56A758E41AA5607500EB96AD /* HomeController.m */,
			);
			path = Controller;
			sourceTree = "<group>";
		};
		56A758E51AA5607500EB96AD /* Model */ = {
			isa = PBXGroup;
			children = (
				56333C401AA9A172002B62AA /* Status.h */,
				56333C411AA9A172002B62AA /* Status.m */,
				56333C431AA9A182002B62AA /* User.h */,
				56333C441AA9A182002B62AA /* User.m */,
			);
			path = Model;
			sourceTree = "<group>";
		};
		56A758E61AA5607500EB96AD /* View */ = {
			isa = PBXGroup;
			children = (
				56C2CB441AA74AEE0009480B /* ButtonWithRightIcon.h */,
				56C2CB451AA74AEE0009480B /* ButtonWithRightIcon.m */,
			);
			path = View;
			sourceTree = "<group>";
		};
		56A758E71AA5607500EB96AD /* Main */ = {
			isa = PBXGroup;
			children = (
				56A758E81AA5607500EB96AD /* Controller */,
				56A758EB1AA5607500EB96AD /* Model */,
				56A7590A1AA5827900EB96AD /* View */,
			);
			path = Main;
			sourceTree = "<group>";
		};
		56A758E81AA5607500EB96AD /* Controller */ = {
			isa = PBXGroup;
			children = (
				56A758E91AA5607500EB96AD /* CustomTabBarController.h */,
				56A758EA1AA5607500EB96AD /* CustomTabBarController.m */,
				56A7591D1AA7EE5500EB96AD /* NewFeatureController.h */,
				56A7591E1AA7EE5500EB96AD /* NewFeatureController.m */,
			);
			path = Controller;
			sourceTree = "<group>";
		};
		56A758EB1AA5607500EB96AD /* Model */ = {
			isa = PBXGroup;
			children = (
			);
			path = Model;
			sourceTree = "<group>";
		};
		56A758ED1AA5607500EB96AD /* Me */ = {
			isa = PBXGroup;
			children = (
				56A758EE1AA5607500EB96AD /* Controller */,
				56A758F11AA5607500EB96AD /* Model */,
				56A758F21AA5607500EB96AD /* View */,
			);
			path = Me;
			sourceTree = "<group>";
		};
		56A758EE1AA5607500EB96AD /* Controller */ = {
			isa = PBXGroup;
			children = (
				56A758EF1AA5607500EB96AD /* MeController.h */,
				56A758F01AA5607500EB96AD /* MeController.m */,
			);
			path = Controller;
			sourceTree = "<group>";
		};
		56A758F11AA5607500EB96AD /* Model */ = {
			isa = PBXGroup;
			children = (
			);
			path = Model;
			sourceTree = "<group>";
		};
		56A758F21AA5607500EB96AD /* View */ = {
			isa = PBXGroup;
			children = (
			);
			path = View;
			sourceTree = "<group>";
		};
		56A758F31AA5607500EB96AD /* Message */ = {
			isa = PBXGroup;
			children = (
				56A758F41AA5607500EB96AD /* Controller */,
				56A758F71AA5607500EB96AD /* Model */,
				56A758F81AA5607500EB96AD /* View */,
			);
			path = Message;
			sourceTree = "<group>";
		};
		56A758F41AA5607500EB96AD /* Controller */ = {
			isa = PBXGroup;
			children = (
				56A758F51AA5607500EB96AD /* MessageController.h */,
				56A758F61AA5607500EB96AD /* MessageController.m */,
			);
			path = Controller;
			sourceTree = "<group>";
		};
		56A758F71AA5607500EB96AD /* Model */ = {
			isa = PBXGroup;
			children = (
			);
			path = Model;
			sourceTree = "<group>";
		};
		56A758F81AA5607500EB96AD /* View */ = {
			isa = PBXGroup;
			children = (
			);
			path = View;
			sourceTree = "<group>";
		};
		56A758F91AA5607500EB96AD /* Others */ = {
			isa = PBXGroup;
			children = (
				56C9BB681AA88F5B003DDE13 /* Common */,
				56C9BB671AA88F31003DDE13 /* Lib */,
				56A758FA1AA5607500EB96AD /* Category */,
				56A758FB1AA5607500EB96AD /* Controller */,
				56A758FC1AA5607500EB96AD /* Model */,
			);
			path = Others;
			sourceTree = "<group>";
		};
		56A758FA1AA5607500EB96AD /* Category */ = {
			isa = PBXGroup;
			children = (
				56A759031AA571FF00EB96AD /* UIImage+Custom.h */,
				56A759041AA571FF00EB96AD /* UIImage+Custom.m */,
				56A759171AA7038100EB96AD /* UIBarButtonItem+Custom.h */,
				56A759181AA7038100EB96AD /* UIBarButtonItem+Custom.m */,
			);
			path = Category;
			sourceTree = "<group>";
		};
		56A758FB1AA5607500EB96AD /* Controller */ = {
			isa = PBXGroup;
			children = (
				56A759111AA6D22F00EB96AD /* CustomNavigationController.h */,
				56A759121AA6D22F00EB96AD /* CustomNavigationController.m */,
			);
			path = Controller;
			sourceTree = "<group>";
		};
		56A758FC1AA5607500EB96AD /* Model */ = {
			isa = PBXGroup;
			children = (
			);
			path = Model;
			sourceTree = "<group>";
		};
		56A7590A1AA5827900EB96AD /* View */ = {
			isa = PBXGroup;
			children = (
				56A7590B1AA5829300EB96AD /* CustomTabBar.h */,
				56A7590C1AA5829300EB96AD /* CustomTabBar.m */,
				56A7590E1AA5955A00EB96AD /* TabBarButton.h */,
				56A7590F1AA5955A00EB96AD /* TabBarButton.m */,
				566331C41AA5EA9800D43BF9 /* BadgeButton.h */,
				566331C51AA5EA9800D43BF9 /* BadgeButton.m */,
			);
			path = View;
			sourceTree = "<group>";
		};
		56C9BB621AA88D19003DDE13 /* OAuth */ = {
			isa = PBXGroup;
			children = (
				56C9BBA41AA8A2C4003DDE13 /* Model */,
				56C9BB631AA88D63003DDE13 /* Controller */,
			);
			path = OAuth;
			sourceTree = "<group>";
		};
		56C9BB631AA88D63003DDE13 /* Controller */ = {
			isa = PBXGroup;
			children = (
				56C9BB641AA88DAF003DDE13 /* LoginController.h */,
				56C9BB651AA88DAF003DDE13 /* LoginController.m */,
			);
			path = Controller;
			sourceTree = "<group>";
		};
		56C9BB671AA88F31003DDE13 /* Lib */ = {
			isa = PBXGroup;
			children = (
				56333BE71AA9A0A6002B62AA /* MJExtension */,
				56333BFB1AA9A0A6002B62AA /* MJRefresh */,
				56333C061AA9A0A6002B62AA /* SDWebImage */,
				56333BDE1AA978D1002B62AA /* MBProgressHUD */,
				56C9BB871AA8A04C003DDE13 /* AFNetworking */,
			);
			path = Lib;
			sourceTree = "<group>";
		};
		56C9BB681AA88F5B003DDE13 /* Common */ = {
			isa = PBXGroup;
			children = (
				56A759211AA96CC900EB96AD /* OAuthInfo.h */,
				56A759221AA96D2600EB96AD /* Util.h */,
				56A759231AA96D2600EB96AD /* Util.m */,
			);
			path = Common;
			sourceTree = "<group>";
		};
		56C9BB871AA8A04C003DDE13 /* AFNetworking */ = {
			isa = PBXGroup;
			children = (
				56C9BB881AA8A04C003DDE13 /* AFHTTPRequestOperation.h */,
				56C9BB891AA8A04C003DDE13 /* AFHTTPRequestOperation.m */,
				56C9BB8A1AA8A04C003DDE13 /* AFHTTPRequestOperationManager.h */,
				56C9BB8B1AA8A04C003DDE13 /* AFHTTPRequestOperationManager.m */,
				56C9BB8C1AA8A04C003DDE13 /* AFHTTPSessionManager.h */,
				56C9BB8D1AA8A04C003DDE13 /* AFHTTPSessionManager.m */,
				56C9BB8E1AA8A04C003DDE13 /* AFNetworking.h */,
				56C9BB8F1AA8A04C003DDE13 /* AFNetworkReachabilityManager.h */,
				56C9BB901AA8A04C003DDE13 /* AFNetworkReachabilityManager.m */,
				56C9BB911AA8A04C003DDE13 /* AFSecurityPolicy.h */,
				56C9BB921AA8A04C003DDE13 /* AFSecurityPolicy.m */,
				56C9BB931AA8A04C003DDE13 /* AFURLConnectionOperation.h */,
				56C9BB941AA8A04C003DDE13 /* AFURLConnectionOperation.m */,
				56C9BB951AA8A04C003DDE13 /* AFURLRequestSerialization.h */,
				56C9BB961AA8A04C003DDE13 /* AFURLRequestSerialization.m */,
				56C9BB971AA8A04C003DDE13 /* AFURLResponseSerialization.h */,
				56C9BB981AA8A04C003DDE13 /* AFURLResponseSerialization.m */,
				56C9BB991AA8A04C003DDE13 /* AFURLSessionManager.h */,
				56C9BB9A1AA8A04C003DDE13 /* AFURLSessionManager.m */,
			);
			path = AFNetworking;
			sourceTree = "<group>";
		};
		56C9BBA41AA8A2C4003DDE13 /* Model */ = {
			isa = PBXGroup;
			children = (
				56C9BBA51AA8A2F3003DDE13 /* Account.h */,
				56C9BBA61AA8A2F3003DDE13 /* Account.m */,
			);
			path = Model;
			sourceTree = "<group>";
		};
/* End PBXGroup section */

/* Begin PBXNativeTarget section */
		56348CE71AA453F000D30E0D /* MyWeibo */ = {
			isa = PBXNativeTarget;
			buildConfigurationList = 56348D141AA453F000D30E0D /* Build configuration list for PBXNativeTarget "MyWeibo" */;
			buildPhases = (
				56348CE51AA453F000D30E0D /* Frameworks */,
				56348CE41AA453F000D30E0D /* Sources */,
				56348CE61AA453F000D30E0D /* Resources */,
			);
			buildRules = (
			);
			dependencies = (
			);
			name = MyWeibo;
			productName = MyWeibo;
			productReference = 56348CE81AA453F000D30E0D /* MyWeibo.app */;
			productType = "com.apple.product-type.application";
		};
		56348D021AA453F000D30E0D /* MyWeiboTests */ = {
			isa = PBXNativeTarget;
			buildConfigurationList = 56348D171AA453F000D30E0D /* Build configuration list for PBXNativeTarget "MyWeiboTests" */;
			buildPhases = (
				56348CFF1AA453F000D30E0D /* Sources */,
				56348D001AA453F000D30E0D /* Frameworks */,
				56348D011AA453F000D30E0D /* Resources */,
			);
			buildRules = (
			);
			dependencies = (
				56348D091AA453F000D30E0D /* PBXTargetDependency */,
			);
			name = MyWeiboTests;
			productName = MyWeiboTests;
			productReference = 56348D031AA453F000D30E0D /* MyWeiboTests.xctest */;
			productType = "com.apple.product-type.bundle.unit-test";
		};
/* End PBXNativeTarget section */

/* Begin PBXProject section */
		56348CE01AA453F000D30E0D /* Project object */ = {
			isa = PBXProject;
			attributes = {
				LastUpgradeCheck = 0510;
				ORGANIZATIONNAME = ChenXin;
				TargetAttributes = {
					56348D021AA453F000D30E0D = {
						TestTargetID = 56348CE71AA453F000D30E0D;
					};
				};
			};
			buildConfigurationList = 56348CE31AA453F000D30E0D /* Build configuration list for PBXProject "MyWeibo" */;
			compatibilityVersion = "Xcode 3.2";
			developmentRegion = English;
			hasScannedForEncodings = 0;
			knownRegions = (
				en,
			);
			mainGroup = 56348CDF1AA453F000D30E0D;
			productRefGroup = 56348CE91AA453F000D30E0D /* Products */;
			projectDirPath = "";
			projectRoot = "";
			targets = (
				56348CE71AA453F000D30E0D /* MyWeibo */,
				56348D021AA453F000D30E0D /* MyWeiboTests */,
			);
		};
/* End PBXProject section */

/* Begin PBXResourcesBuildPhase section */
		56348CE61AA453F000D30E0D /* Resources */ = {
			isa = PBXResourcesBuildPhase;
			buildActionMask = 2147483647;
			files = (
				56348CF61AA453F000D30E0D /* InfoPlist.strings in Resources */,
				56348CFE1AA453F000D30E0D /* Images.xcassets in Resources */,
				56333C2D1AA9A0A6002B62AA /* MJRefresh.bundle in Resources */,
				56333BE51AA978D1002B62AA /* MBProgressHUD.bundle in Resources */,
			);
			runOnlyForDeploymentPostprocessing = 0;
		};
		56348D011AA453F000D30E0D /* Resources */ = {
			isa = PBXResourcesBuildPhase;
			buildActionMask = 2147483647;
			files = (
				56348D0F1AA453F000D30E0D /* InfoPlist.strings in Resources */,
			);
			runOnlyForDeploymentPostprocessing = 0;
		};
/* End PBXResourcesBuildPhase section */

/* Begin PBXSourcesBuildPhase section */
		56348CE41AA453F000D30E0D /* Sources */ = {
			isa = PBXSourcesBuildPhase;
			buildActionMask = 2147483647;
			files = (
				56333C3C1AA9A0A6002B62AA /* UIImage+GIF.m in Sources */,
				56333BE41AA978D1002B62AA /* MBProgressHUD+MJ.m in Sources */,
				56333C321AA9A0A6002B62AA /* MKAnnotationView+WebCache.m in Sources */,
				560F6F401AAD732F002EDE1B /* SearhField.m in Sources */,
				56333C2F1AA9A0A6002B62AA /* MJRefreshConst.m in Sources */,
				56333C391AA9A0A6002B62AA /* SDWebImageManager.m in Sources */,
				56C9BB9B1AA8A04C003DDE13 /* AFHTTPRequestOperation.m in Sources */,
				56C2CB461AA74AEE0009480B /* ButtonWithRightIcon.m in Sources */,
				56A758FF1AA5607500EB96AD /* HomeController.m in Sources */,
				566331C61AA5EA9800D43BF9 /* BadgeButton.m in Sources */,
				56333C301AA9A0A6002B62AA /* MJRefreshFooterView.m in Sources */,
				56333C271AA9A0A6002B62AA /* MJMethod.m in Sources */,
				56333C3E1AA9A0A6002B62AA /* UIImage+WebP.m in Sources */,
				56A759011AA5607500EB96AD /* MeController.m in Sources */,
				56C9BB661AA88DAF003DDE13 /* LoginController.m in Sources */,
				56333BE61AA978D1002B62AA /* MBProgressHUD.m in Sources */,
				56333C451AA9A182002B62AA /* User.m in Sources */,
				56A759051AA571FF00EB96AD /* UIImage+Custom.m in Sources */,
				56C9BB9D1AA8A04C003DDE13 /* AFHTTPSessionManager.m in Sources */,
				56333C421AA9A172002B62AA /* Status.m in Sources */,
				56333C281AA9A0A6002B62AA /* MJType.m in Sources */,
				56A758FE1AA5607500EB96AD /* DiscoverController.m in Sources */,
				56C9BBA71AA8A2F3003DDE13 /* Account.m in Sources */,
				56333C251AA9A0A6002B62AA /* MJIvar.m in Sources */,
				56348CFC1AA453F000D30E0D /* AppDelegate.m in Sources */,
				56C9BB9E1AA8A04C003DDE13 /* AFNetworkReachabilityManager.m in Sources */,
				56C9BBA31AA8A04C003DDE13 /* AFURLSessionManager.m in Sources */,
				56333C311AA9A0A6002B62AA /* MJRefreshHeaderView.m in Sources */,
				56333C2E1AA9A0A6002B62AA /* MJRefreshBaseView.m in Sources */,
				56333C3B1AA9A0A6002B62AA /* UIButton+WebCache.m in Sources */,
				56333C261AA9A0A6002B62AA /* MJMember.m in Sources */,
				56333C291AA9A0A6002B62AA /* MJTypeEncoding.m in Sources */,
				56333C3F1AA9A0A6002B62AA /* UIImageView+WebCache.m in Sources */,
				56333C341AA9A0A6002B62AA /* SDImageCache.m in Sources */,
				56333C351AA9A0A6002B62AA /* SDWebImageCompat.m in Sources */,
				56333C2B1AA9A0A6002B62AA /* NSObject+MJKeyValue.m in Sources */,
				56333C3A1AA9A0A6002B62AA /* SDWebImagePrefetcher.m in Sources */,
				56333C3D1AA9A0A6002B62AA /* UIImage+MultiFormat.m in Sources */,
				56333C361AA9A0A6002B62AA /* SDWebImageDecoder.m in Sources */,
				56A7590D1AA5829300EB96AD /* CustomTabBar.m in Sources */,
				56333C2A1AA9A0A6002B62AA /* NSObject+MJCoding.m in Sources */,
				56A759001AA5607500EB96AD /* CustomTabBarController.m in Sources */,
				56C9BBA01AA8A04C003DDE13 /* AFURLConnectionOperation.m in Sources */,
				56333C2C1AA9A0A6002B62AA /* NSObject+MJMember.m in Sources */,
				56C9BBA21AA8A04C003DDE13 /* AFURLResponseSerialization.m in Sources */,
				56A759191AA7038100EB96AD /* UIBarButtonItem+Custom.m in Sources */,
				56C9BBA11AA8A04C003DDE13 /* AFURLRequestSerialization.m in Sources */,
				56A759241AA96D2600EB96AD /* Util.m in Sources */,
				56A759101AA5955A00EB96AD /* TabBarButton.m in Sources */,
				56A7591F1AA7EE5500EB96AD /* NewFeatureController.m in Sources */,
				56348CF81AA453F000D30E0D /* main.m in Sources */,
				56A759131AA6D22F00EB96AD /* CustomNavigationController.m in Sources */,
				56333C331AA9A0A6002B62AA /* NSData+ImageContentType.m in Sources */,
				56C9BB9C1AA8A04C003DDE13 /* AFHTTPRequestOperationManager.m in Sources */,
				56C9BB9F1AA8A04C003DDE13 /* AFSecurityPolicy.m in Sources */,
				56333C381AA9A0A6002B62AA /* SDWebImageDownloaderOperation.m in Sources */,
				56A759021AA5607500EB96AD /* MessageController.m in Sources */,
				56333C371AA9A0A6002B62AA /* SDWebImageDownloader.m in Sources */,
				56333C241AA9A0A6002B62AA /* MJArgument.m in Sources */,
			);
			runOnlyForDeploymentPostprocessing = 0;
		};
		56348CFF1AA453F000D30E0D /* Sources */ = {
			isa = PBXSourcesBuildPhase;
			buildActionMask = 2147483647;
			files = (
				56348D111AA453F000D30E0D /* MyWeiboTests.m in Sources */,
			);
			runOnlyForDeploymentPostprocessing = 0;
		};
/* End PBXSourcesBuildPhase section */

/* Begin PBXTargetDependency section */
		56348D091AA453F000D30E0D /* PBXTargetDependency */ = {
			isa = PBXTargetDependency;
			target = 56348CE71AA453F000D30E0D /* MyWeibo */;
			targetProxy = 56348D081AA453F000D30E0D /* PBXContainerItemProxy */;
		};
/* End PBXTargetDependency section */

/* Begin PBXVariantGroup section */
		56348CF41AA453F000D30E0D /* InfoPlist.strings */ = {
			isa = PBXVariantGroup;
			children = (
				56348CF51AA453F000D30E0D /* en */,
			);
			name = InfoPlist.strings;
			sourceTree = "<group>";
		};
		56348D0D1AA453F000D30E0D /* InfoPlist.strings */ = {
			isa = PBXVariantGroup;
			children = (
				56348D0E1AA453F000D30E0D /* en */,
			);
			name = InfoPlist.strings;
			sourceTree = "<group>";
		};
/* End PBXVariantGroup section */

/* Begin XCBuildConfiguration section */
		56348D121AA453F000D30E0D /* Debug */ = {
			isa = XCBuildConfiguration;
			buildSettings = {
				ALWAYS_SEARCH_USER_PATHS = NO;
				CLANG_CXX_LANGUAGE_STANDARD = "gnu++0x";
				CLANG_CXX_LIBRARY = "libc++";
				CLANG_ENABLE_MODULES = YES;
				CLANG_ENABLE_OBJC_ARC = YES;
				CLANG_WARN_BOOL_CONVERSION = YES;
				CLANG_WARN_CONSTANT_CONVERSION = YES;
				CLANG_WARN_DIRECT_OBJC_ISA_USAGE = YES_ERROR;
				CLANG_WARN_EMPTY_BODY = YES;
				CLANG_WARN_ENUM_CONVERSION = YES;
				CLANG_WARN_INT_CONVERSION = YES;
				CLANG_WARN_OBJC_ROOT_CLASS = YES_ERROR;
				CLANG_WARN__DUPLICATE_METHOD_MATCH = YES;
				"CODE_SIGN_IDENTITY[sdk=iphoneos*]" = "iPhone Developer";
				COPY_PHASE_STRIP = NO;
				GCC_C_LANGUAGE_STANDARD = gnu99;
				GCC_DYNAMIC_NO_PIC = NO;
				GCC_OPTIMIZATION_LEVEL = 0;
				GCC_PREPROCESSOR_DEFINITIONS = (
					"DEBUG=1",
					"$(inherited)",
				);
				GCC_SYMBOLS_PRIVATE_EXTERN = NO;
				GCC_WARN_64_TO_32_BIT_CONVERSION = YES;
				GCC_WARN_ABOUT_RETURN_TYPE = YES_ERROR;
				GCC_WARN_UNDECLARED_SELECTOR = YES;
				GCC_WARN_UNINITIALIZED_AUTOS = YES_AGGRESSIVE;
				GCC_WARN_UNUSED_FUNCTION = YES;
				GCC_WARN_UNUSED_VARIABLE = YES;
				IPHONEOS_DEPLOYMENT_TARGET = 7.1;
				ONLY_ACTIVE_ARCH = YES;
				SDKROOT = iphoneos;
			};
			name = Debug;
		};
		56348D131AA453F000D30E0D /* Release */ = {
			isa = XCBuildConfiguration;
			buildSettings = {
				ALWAYS_SEARCH_USER_PATHS = NO;
				CLANG_CXX_LANGUAGE_STANDARD = "gnu++0x";
				CLANG_CXX_LIBRARY = "libc++";
				CLANG_ENABLE_MODULES = YES;
				CLANG_ENABLE_OBJC_ARC = YES;
				CLANG_WARN_BOOL_CONVERSION = YES;
				CLANG_WARN_CONSTANT_CONVERSION = YES;
				CLANG_WARN_DIRECT_OBJC_ISA_USAGE = YES_ERROR;
				CLANG_WARN_EMPTY_BODY = YES;
				CLANG_WARN_ENUM_CONVERSION = YES;
				CLANG_WARN_INT_CONVERSION = YES;
				CLANG_WARN_OBJC_ROOT_CLASS = YES_ERROR;
				CLANG_WARN__DUPLICATE_METHOD_MATCH = YES;
				"CODE_SIGN_IDENTITY[sdk=iphoneos*]" = "iPhone Developer";
				COPY_PHASE_STRIP = YES;
				ENABLE_NS_ASSERTIONS = NO;
				GCC_C_LANGUAGE_STANDARD = gnu99;
				GCC_WARN_64_TO_32_BIT_CONVERSION = YES;
				GCC_WARN_ABOUT_RETURN_TYPE = YES_ERROR;
				GCC_WARN_UNDECLARED_SELECTOR = YES;
				GCC_WARN_UNINITIALIZED_AUTOS = YES_AGGRESSIVE;
				GCC_WARN_UNUSED_FUNCTION = YES;
				GCC_WARN_UNUSED_VARIABLE = YES;
				IPHONEOS_DEPLOYMENT_TARGET = 7.1;
				SDKROOT = iphoneos;
				VALIDATE_PRODUCT = YES;
			};
			name = Release;
		};
		56348D151AA453F000D30E0D /* Debug */ = {
			isa = XCBuildConfiguration;
			buildSettings = {
				ASSETCATALOG_COMPILER_APPICON_NAME = AppIcon;
				ASSETCATALOG_COMPILER_LAUNCHIMAGE_NAME = LaunchImage;
				GCC_PRECOMPILE_PREFIX_HEADER = YES;
				GCC_PREFIX_HEADER = "MyWeibo/MyWeibo-Prefix.pch";
				INFOPLIST_FILE = "MyWeibo/MyWeibo-Info.plist";
				IPHONEOS_DEPLOYMENT_TARGET = 6.1;
				PRODUCT_NAME = "$(TARGET_NAME)";
				WRAPPER_EXTENSION = app;
			};
			name = Debug;
		};
		56348D161AA453F000D30E0D /* Release */ = {
			isa = XCBuildConfiguration;
			buildSettings = {
				ASSETCATALOG_COMPILER_APPICON_NAME = AppIcon;
				ASSETCATALOG_COMPILER_LAUNCHIMAGE_NAME = LaunchImage;
				GCC_PRECOMPILE_PREFIX_HEADER = YES;
				GCC_PREFIX_HEADER = "MyWeibo/MyWeibo-Prefix.pch";
				INFOPLIST_FILE = "MyWeibo/MyWeibo-Info.plist";
				IPHONEOS_DEPLOYMENT_TARGET = 6.1;
				PRODUCT_NAME = "$(TARGET_NAME)";
				WRAPPER_EXTENSION = app;
			};
			name = Release;
		};
		56348D181AA453F000D30E0D /* Debug */ = {
			isa = XCBuildConfiguration;
			buildSettings = {
				BUNDLE_LOADER = "$(BUILT_PRODUCTS_DIR)/MyWeibo.app/MyWeibo";
				FRAMEWORK_SEARCH_PATHS = (
					"$(SDKROOT)/Developer/Library/Frameworks",
					"$(inherited)",
					"$(DEVELOPER_FRAMEWORKS_DIR)",
				);
				GCC_PRECOMPILE_PREFIX_HEADER = YES;
				GCC_PREFIX_HEADER = "MyWeibo/MyWeibo-Prefix.pch";
				GCC_PREPROCESSOR_DEFINITIONS = (
					"DEBUG=1",
					"$(inherited)",
				);
				INFOPLIST_FILE = "MyWeiboTests/MyWeiboTests-Info.plist";
				PRODUCT_NAME = "$(TARGET_NAME)";
				TEST_HOST = "$(BUNDLE_LOADER)";
				WRAPPER_EXTENSION = xctest;
			};
			name = Debug;
		};
		56348D191AA453F000D30E0D /* Release */ = {
			isa = XCBuildConfiguration;
			buildSettings = {
				BUNDLE_LOADER = "$(BUILT_PRODUCTS_DIR)/MyWeibo.app/MyWeibo";
				FRAMEWORK_SEARCH_PATHS = (
					"$(SDKROOT)/Developer/Library/Frameworks",
					"$(inherited)",
					"$(DEVELOPER_FRAMEWORKS_DIR)",
				);
				GCC_PRECOMPILE_PREFIX_HEADER = YES;
				GCC_PREFIX_HEADER = "MyWeibo/MyWeibo-Prefix.pch";
				INFOPLIST_FILE = "MyWeiboTests/MyWeiboTests-Info.plist";
				PRODUCT_NAME = "$(TARGET_NAME)";
				TEST_HOST = "$(BUNDLE_LOADER)";
				WRAPPER_EXTENSION = xctest;
			};
			name = Release;
		};
/* End XCBuildConfiguration section */

/* Begin XCConfigurationList section */
		56348CE31AA453F000D30E0D /* Build configuration list for PBXProject "MyWeibo" */ = {
			isa = XCConfigurationList;
			buildConfigurations = (
				56348D121AA453F000D30E0D /* Debug */,
				56348D131AA453F000D30E0D /* Release */,
			);
			defaultConfigurationIsVisible = 0;
			defaultConfigurationName = Release;
		};
		56348D141AA453F000D30E0D /* Build configuration list for PBXNativeTarget "MyWeibo" */ = {
			isa = XCConfigurationList;
			buildConfigurations = (
				56348D151AA453F000D30E0D /* Debug */,
				56348D161AA453F000D30E0D /* Release */,
			);
			defaultConfigurationIsVisible = 0;
			defaultConfigurationName = Release;
		};
		56348D171AA453F000D30E0D /* Build configuration list for PBXNativeTarget "MyWeiboTests" */ = {
			isa = XCConfigurationList;
			buildConfigurations = (
				56348D181AA453F000D30E0D /* Debug */,
				56348D191AA453F000D30E0D /* Release */,
			);
			defaultConfigurationIsVisible = 0;
			defaultConfigurationName = Release;
		};
/* End XCConfigurationList section */
	};
	rootObject = 56348CE01AA453F000D30E0D /* Project object */;
}
